
Microsoft Visual Studio Solution File, Format Version 12.00
# Visual Studio Version 17
VisualStudioVersion = 17.0.31903.59
MinimumVisualStudioVersion = 10.0.40219.1
Project("{2150E333-8FDC-42A3-9474-1A3956D46DE8}") = "src", "src", "{A5F1D2C1-0A0B-4F0A-8E6E-D89C99B1F353}"
EndProject
Project("{FAE04EC0-301F-11D3-BF4B-00C04F79EFBC}") = "Nezam.Refahi.Shared.Domain", "src\Nezam.Refahi.Shared.Domain\Nezam.Refahi.Shared.Domain.csproj", "{C7F1D2C3-0A0B-4F0A-8E6E-D89C99B1F355}"
EndProject
Project("{FAE04EC0-301F-11D3-BF4B-00C04F79EFBC}") = "Nezam.Refahi.Shared.Infrastructure", "src\Nezam.Refahi.Shared.Infrastructure\Nezam.Refahi.Shared.Infrastructure.csproj", "{CBBA3DBC-B972-4065-9311-E6ADA157D967}"
EndProject
Project("{FAE04EC0-301F-11D3-BF4B-00C04F79EFBC}") = "Nezam.Refahi.Shared.Application", "src\Nezam.Refahi.Shared.Application\Nezam.Refahi.Shared.Application.csproj", "{D5B2820C-A773-40D8-B18B-37153A048172}"
EndProject
Project("{FAE04EC0-301F-11D3-BF4B-00C04F79EFBC}") = "Nezam.Refahi.WebApi", "src\Nezam.Refahi.WebApi\Nezam.Refahi.WebApi.csproj", "{5F5C6210-9EFE-4F53-B3EF-A751C2B935F6}"
EndProject
Project("{2150E333-8FDC-42A3-9474-1A3956D46DE8}") = "Modules", "Modules", "{286C3AE0-ACCA-455B-819F-9D19E8486035}"
EndProject
Project("{2150E333-8FDC-42A3-9474-1A3956D46DE8}") = "Settings", "Settings", "{B4C11D64-24C4-442B-9E58-0F01300707C7}"
EndProject
Project("{FAE04EC0-301F-11D3-BF4B-00C04F79EFBC}") = "Nezam.Refahi.Settings.Domain", "src\Modules\Settings\Nezam.Refahi.Settings.Domain\Nezam.Refahi.Settings.Domain.csproj", "{6C8D7378-F2F7-4074-9543-E5856C4680BA}"
EndProject
Project("{FAE04EC0-301F-11D3-BF4B-00C04F79EFBC}") = "Nezam.Refahi.Settings.Application", "src\Modules\Settings\Nezam.Refahi.Settings.Application\Nezam.Refahi.Settings.Application.csproj", "{B759A1E8-168F-4B79-AEB6-E651D9AAEB88}"
EndProject
Project("{FAE04EC0-301F-11D3-BF4B-00C04F79EFBC}") = "Nezam.Refahi.Settings.Infrastructure", "src\Modules\Settings\Nezam.Refahi.Settings.Infrastructure\Nezam.Refahi.Settings.Infrastructure.csproj", "{74CD0B85-6C89-43D2-BCB6-9ED0ADD2AE6E}"
EndProject
Project("{2150E333-8FDC-42A3-9474-1A3956D46DE8}") = "Identity", "Identity", "{19578C6A-F061-4B93-9A86-3FD2F5563C9C}"
EndProject
Project("{FAE04EC0-301F-11D3-BF4B-00C04F79EFBC}") = "Nezam.Refahi.Identity.Application", "src\Modules\Identity\Nezam.Refahi.Identity.Application\Nezam.Refahi.Identity.Application.csproj", "{15C71CD9-1CA1-47F6-ABB8-86C2819E562A}"
EndProject
Project("{FAE04EC0-301F-11D3-BF4B-00C04F79EFBC}") = "Nezam.Refahi.Identity.Infrastructure", "src\Modules\Identity\Nezam.Refahi.Identity.Infrastructure\Nezam.Refahi.Identity.Infrastructure.csproj", "{AE1B103A-2A7F-4329-9018-A6B747479479}"
EndProject
Project("{FAE04EC0-301F-11D3-BF4B-00C04F79EFBC}") = "Nezam.Refahi.Identity.Domain", "src\Modules\Identity\Nezam.Refahi.Identity.Domain\Nezam.Refahi.Identity.Domain.csproj", "{DDCD60FF-E34D-4A25-A5FB-8338F9460ABC}"
EndProject
Project("{2150E333-8FDC-42A3-9474-1A3956D46DE8}") = "Shareds", "Shareds", "{8A9D6589-4729-4DBF-830F-DB1CFAE5CCD7}"
EndProject
Project("{FAE04EC0-301F-11D3-BF4B-00C04F79EFBC}") = "Nezam.Refahi.Identity.Presentation", "src\Modules\Identity\Nezam.Refahi.Identity.Presentation\Nezam.Refahi.Identity.Presentation.csproj", "{22761E27-4462-4E1F-806F-84A8867C33A8}"
EndProject
Project("{FAE04EC0-301F-11D3-BF4B-00C04F79EFBC}") = "Nezam.Refahi.Settings.Presentation", "src\Modules\Settings\Nezam.Refahi.Settings.Presentation\Nezam.Refahi.Settings.Presentation.csproj", "{F5CE01F6-3685-422B-9BD5-C98D4AD88E85}"
EndProject
Project("{FAE04EC0-301F-11D3-BF4B-00C04F79EFBC}") = "Nezam.Refahi.Settings.Contracts", "src\Modules\Settings\Nezam.Refahi.Settings.Contracts\Nezam.Refahi.Settings.Contracts.csproj", "{26E05827-52D5-4D08-8876-6F5202E0E17F}"
EndProject
Project("{2150E333-8FDC-42A3-9474-1A3956D46DE8}") = "Membership", "Membership", "{35D1F24F-5421-4A67-AD49-E246DB285795}"
EndProject
Project("{FAE04EC0-301F-11D3-BF4B-00C04F79EFBC}") = "Nezam.Refahi.Membership.Contracts", "src\Modules\Membership\Nezam.Refahi.Membership.Contracts\Nezam.Refahi.Membership.Contracts.csproj", "{3DC9C153-04C2-4E53-A71D-618F52EA877B}"
EndProject
Project("{FAE04EC0-301F-11D3-BF4B-00C04F79EFBC}") = "Nezam.Refahi.Membership.Domain", "src\Modules\Membership\Nezam.Refahi.Membership.Domain\Nezam.Refahi.Membership.Domain.csproj", "{EF6F1D8F-2231-461A-A845-2D2F0254A7C8}"
EndProject
Project("{FAE04EC0-301F-11D3-BF4B-00C04F79EFBC}") = "Nezam.Refahi.Membership.Application", "src\Modules\Membership\Nezam.Refahi.Membership.Application\Nezam.Refahi.Membership.Application.csproj", "{696BFF02-D4E2-405F-9E95-CBB2B8909EA7}"
EndProject
Project("{FAE04EC0-301F-11D3-BF4B-00C04F79EFBC}") = "Nezam.Refahi.Membership.Infrastructure", "src\Modules\Membership\Nezam.Refahi.Membership.Infrastructure\Nezam.Refahi.Membership.Infrastructure.csproj", "{4D11162E-4CD0-46E3-94B2-27C2971B052C}"
EndProject
Project("{FAE04EC0-301F-11D3-BF4B-00C04F79EFBC}") = "Nezam.Refahi.Membership.Presentation", "src\Modules\Membership\Nezam.Refahi.Membership.Presentation\Nezam.Refahi.Membership.Presentation.csproj", "{803BA3D6-50D7-49CA-9DA1-1117997315FE}"
EndProject
Project("{FAE04EC0-301F-11D3-BF4B-00C04F79EFBC}") = "Nezam.Refahi.Identity.Contracts", "src\Modules\Identity\Nezam.Refahi.Identity.Contracts\Nezam.Refahi.Identity.Contracts.csproj", "{4B92AB30-39D6-4F7D-8EF0-4A6FB2C11EAF}"
EndProject
Project("{2150E333-8FDC-42A3-9474-1A3956D46DE8}") = "Plugins", "Plugins", "{2CC20CA1-B775-4F29-BC93-20CE6C1368E3}"
EndProject
Project("{FAE04EC0-301F-11D3-BF4B-00C04F79EFBC}") = "Nezam.Refahi.Plugin.NezamMohandesi", "src/Plugins/Nezam.Refahi.Plugin.NezamMohandesi\Nezam.Refahi.Plugin.NezamMohandesi.csproj", "{F21C057A-942F-40F7-910E-849C06C6E4A8}"
EndProject
Global
	GlobalSection(SolutionConfigurationPlatforms) = preSolution
		Debug|Any CPU = Debug|Any CPU
		Debug|x64 = Debug|x64
		Debug|x86 = Debug|x86
		Release|Any CPU = Release|Any CPU
		Release|x64 = Release|x64
		Release|x86 = Release|x86
	EndGlobalSection
	GlobalSection(ProjectConfigurationPlatforms) = postSolution
		{C7F1D2C3-0A0B-4F0A-8E6E-D89C99B1F355}.Debug|Any CPU.ActiveCfg = Debug|Any CPU
		{C7F1D2C3-0A0B-4F0A-8E6E-D89C99B1F355}.Debug|Any CPU.Build.0 = Debug|Any CPU
		{C7F1D2C3-0A0B-4F0A-8E6E-D89C99B1F355}.Debug|x64.ActiveCfg = Debug|Any CPU
		{C7F1D2C3-0A0B-4F0A-8E6E-D89C99B1F355}.Debug|x64.Build.0 = Debug|Any CPU
		{C7F1D2C3-0A0B-4F0A-8E6E-D89C99B1F355}.Debug|x86.ActiveCfg = Debug|Any CPU
		{C7F1D2C3-0A0B-4F0A-8E6E-D89C99B1F355}.Debug|x86.Build.0 = Debug|Any CPU
		{C7F1D2C3-0A0B-4F0A-8E6E-D89C99B1F355}.Release|Any CPU.ActiveCfg = Release|Any CPU
		{C7F1D2C3-0A0B-4F0A-8E6E-D89C99B1F355}.Release|Any CPU.Build.0 = Release|Any CPU
		{C7F1D2C3-0A0B-4F0A-8E6E-D89C99B1F355}.Release|x64.ActiveCfg = Release|Any CPU
		{C7F1D2C3-0A0B-4F0A-8E6E-D89C99B1F355}.Release|x64.Build.0 = Release|Any CPU
		{C7F1D2C3-0A0B-4F0A-8E6E-D89C99B1F355}.Release|x86.ActiveCfg = Release|Any CPU
		{C7F1D2C3-0A0B-4F0A-8E6E-D89C99B1F355}.Release|x86.Build.0 = Release|Any CPU
		{CBBA3DBC-B972-4065-9311-E6ADA157D967}.Debug|Any CPU.ActiveCfg = Debug|Any CPU
		{CBBA3DBC-B972-4065-9311-E6ADA157D967}.Debug|Any CPU.Build.0 = Debug|Any CPU
		{CBBA3DBC-B972-4065-9311-E6ADA157D967}.Debug|x64.ActiveCfg = Debug|Any CPU
		{CBBA3DBC-B972-4065-9311-E6ADA157D967}.Debug|x64.Build.0 = Debug|Any CPU
		{CBBA3DBC-B972-4065-9311-E6ADA157D967}.Debug|x86.ActiveCfg = Debug|Any CPU
		{CBBA3DBC-B972-4065-9311-E6ADA157D967}.Debug|x86.Build.0 = Debug|Any CPU
		{CBBA3DBC-B972-4065-9311-E6ADA157D967}.Release|Any CPU.ActiveCfg = Release|Any CPU
		{CBBA3DBC-B972-4065-9311-E6ADA157D967}.Release|Any CPU.Build.0 = Release|Any CPU
		{CBBA3DBC-B972-4065-9311-E6ADA157D967}.Release|x64.ActiveCfg = Release|Any CPU
		{CBBA3DBC-B972-4065-9311-E6ADA157D967}.Release|x64.Build.0 = Release|Any CPU
		{CBBA3DBC-B972-4065-9311-E6ADA157D967}.Release|x86.ActiveCfg = Release|Any CPU
		{CBBA3DBC-B972-4065-9311-E6ADA157D967}.Release|x86.Build.0 = Release|Any CPU
		{D5B2820C-A773-40D8-B18B-37153A048172}.Debug|Any CPU.ActiveCfg = Debug|Any CPU
		{D5B2820C-A773-40D8-B18B-37153A048172}.Debug|Any CPU.Build.0 = Debug|Any CPU
		{D5B2820C-A773-40D8-B18B-37153A048172}.Debug|x64.ActiveCfg = Debug|Any CPU
		{D5B2820C-A773-40D8-B18B-37153A048172}.Debug|x64.Build.0 = Debug|Any CPU
		{D5B2820C-A773-40D8-B18B-37153A048172}.Debug|x86.ActiveCfg = Debug|Any CPU
		{D5B2820C-A773-40D8-B18B-37153A048172}.Debug|x86.Build.0 = Debug|Any CPU
		{D5B2820C-A773-40D8-B18B-37153A048172}.Release|Any CPU.ActiveCfg = Release|Any CPU
		{D5B2820C-A773-40D8-B18B-37153A048172}.Release|Any CPU.Build.0 = Release|Any CPU
		{D5B2820C-A773-40D8-B18B-37153A048172}.Release|x64.ActiveCfg = Release|Any CPU
		{D5B2820C-A773-40D8-B18B-37153A048172}.Release|x64.Build.0 = Release|Any CPU
		{D5B2820C-A773-40D8-B18B-37153A048172}.Release|x86.ActiveCfg = Release|Any CPU
		{D5B2820C-A773-40D8-B18B-37153A048172}.Release|x86.Build.0 = Release|Any CPU
		{5F5C6210-9EFE-4F53-B3EF-A751C2B935F6}.Debug|Any CPU.ActiveCfg = Debug|Any CPU
		{5F5C6210-9EFE-4F53-B3EF-A751C2B935F6}.Debug|Any CPU.Build.0 = Debug|Any CPU
		{5F5C6210-9EFE-4F53-B3EF-A751C2B935F6}.Debug|x64.ActiveCfg = Debug|Any CPU
		{5F5C6210-9EFE-4F53-B3EF-A751C2B935F6}.Debug|x64.Build.0 = Debug|Any CPU
		{5F5C6210-9EFE-4F53-B3EF-A751C2B935F6}.Debug|x86.ActiveCfg = Debug|Any CPU
		{5F5C6210-9EFE-4F53-B3EF-A751C2B935F6}.Debug|x86.Build.0 = Debug|Any CPU
		{5F5C6210-9EFE-4F53-B3EF-A751C2B935F6}.Release|Any CPU.ActiveCfg = Release|Any CPU
		{5F5C6210-9EFE-4F53-B3EF-A751C2B935F6}.Release|Any CPU.Build.0 = Release|Any CPU
		{5F5C6210-9EFE-4F53-B3EF-A751C2B935F6}.Release|x64.ActiveCfg = Release|Any CPU
		{5F5C6210-9EFE-4F53-B3EF-A751C2B935F6}.Release|x64.Build.0 = Release|Any CPU
		{5F5C6210-9EFE-4F53-B3EF-A751C2B935F6}.Release|x86.ActiveCfg = Release|Any CPU
		{5F5C6210-9EFE-4F53-B3EF-A751C2B935F6}.Release|x86.Build.0 = Release|Any CPU
		{6C8D7378-F2F7-4074-9543-E5856C4680BA}.Debug|Any CPU.ActiveCfg = Debug|Any CPU
		{6C8D7378-F2F7-4074-9543-E5856C4680BA}.Debug|Any CPU.Build.0 = Debug|Any CPU
		{6C8D7378-F2F7-4074-9543-E5856C4680BA}.Debug|x64.ActiveCfg = Debug|Any CPU
		{6C8D7378-F2F7-4074-9543-E5856C4680BA}.Debug|x64.Build.0 = Debug|Any CPU
		{6C8D7378-F2F7-4074-9543-E5856C4680BA}.Debug|x86.ActiveCfg = Debug|Any CPU
		{6C8D7378-F2F7-4074-9543-E5856C4680BA}.Debug|x86.Build.0 = Debug|Any CPU
		{6C8D7378-F2F7-4074-9543-E5856C4680BA}.Release|Any CPU.ActiveCfg = Release|Any CPU
		{6C8D7378-F2F7-4074-9543-E5856C4680BA}.Release|Any CPU.Build.0 = Release|Any CPU
		{6C8D7378-F2F7-4074-9543-E5856C4680BA}.Release|x64.ActiveCfg = Release|Any CPU
		{6C8D7378-F2F7-4074-9543-E5856C4680BA}.Release|x64.Build.0 = Release|Any CPU
		{6C8D7378-F2F7-4074-9543-E5856C4680BA}.Release|x86.ActiveCfg = Release|Any CPU
		{6C8D7378-F2F7-4074-9543-E5856C4680BA}.Release|x86.Build.0 = Release|Any CPU
		{B759A1E8-168F-4B79-AEB6-E651D9AAEB88}.Debug|Any CPU.ActiveCfg = Debug|Any CPU
		{B759A1E8-168F-4B79-AEB6-E651D9AAEB88}.Debug|Any CPU.Build.0 = Debug|Any CPU
		{B759A1E8-168F-4B79-AEB6-E651D9AAEB88}.Debug|x64.ActiveCfg = Debug|Any CPU
		{B759A1E8-168F-4B79-AEB6-E651D9AAEB88}.Debug|x64.Build.0 = Debug|Any CPU
		{B759A1E8-168F-4B79-AEB6-E651D9AAEB88}.Debug|x86.ActiveCfg = Debug|Any CPU
		{B759A1E8-168F-4B79-AEB6-E651D9AAEB88}.Debug|x86.Build.0 = Debug|Any CPU
		{B759A1E8-168F-4B79-AEB6-E651D9AAEB88}.Release|Any CPU.ActiveCfg = Release|Any CPU
		{B759A1E8-168F-4B79-AEB6-E651D9AAEB88}.Release|Any CPU.Build.0 = Release|Any CPU
		{B759A1E8-168F-4B79-AEB6-E651D9AAEB88}.Release|x64.ActiveCfg = Release|Any CPU
		{B759A1E8-168F-4B79-AEB6-E651D9AAEB88}.Release|x64.Build.0 = Release|Any CPU
		{B759A1E8-168F-4B79-AEB6-E651D9AAEB88}.Release|x86.ActiveCfg = Release|Any CPU
		{B759A1E8-168F-4B79-AEB6-E651D9AAEB88}.Release|x86.Build.0 = Release|Any CPU
		{74CD0B85-6C89-43D2-BCB6-9ED0ADD2AE6E}.Debug|Any CPU.ActiveCfg = Debug|Any CPU
		{74CD0B85-6C89-43D2-BCB6-9ED0ADD2AE6E}.Debug|Any CPU.Build.0 = Debug|Any CPU
		{74CD0B85-6C89-43D2-BCB6-9ED0ADD2AE6E}.Debug|x64.ActiveCfg = Debug|Any CPU
		{74CD0B85-6C89-43D2-BCB6-9ED0ADD2AE6E}.Debug|x64.Build.0 = Debug|Any CPU
		{74CD0B85-6C89-43D2-BCB6-9ED0ADD2AE6E}.Debug|x86.ActiveCfg = Debug|Any CPU
		{74CD0B85-6C89-43D2-BCB6-9ED0ADD2AE6E}.Debug|x86.Build.0 = Debug|Any CPU
		{74CD0B85-6C89-43D2-BCB6-9ED0ADD2AE6E}.Release|Any CPU.ActiveCfg = Release|Any CPU
		{74CD0B85-6C89-43D2-BCB6-9ED0ADD2AE6E}.Release|Any CPU.Build.0 = Release|Any CPU
		{74CD0B85-6C89-43D2-BCB6-9ED0ADD2AE6E}.Release|x64.ActiveCfg = Release|Any CPU
		{74CD0B85-6C89-43D2-BCB6-9ED0ADD2AE6E}.Release|x64.Build.0 = Release|Any CPU
		{74CD0B85-6C89-43D2-BCB6-9ED0ADD2AE6E}.Release|x86.ActiveCfg = Release|Any CPU
		{74CD0B85-6C89-43D2-BCB6-9ED0ADD2AE6E}.Release|x86.Build.0 = Release|Any CPU
		{15C71CD9-1CA1-47F6-ABB8-86C2819E562A}.Debug|Any CPU.ActiveCfg = Debug|Any CPU
		{15C71CD9-1CA1-47F6-ABB8-86C2819E562A}.Debug|Any CPU.Build.0 = Debug|Any CPU
		{15C71CD9-1CA1-47F6-ABB8-86C2819E562A}.Debug|x64.ActiveCfg = Debug|Any CPU
		{15C71CD9-1CA1-47F6-ABB8-86C2819E562A}.Debug|x64.Build.0 = Debug|Any CPU
		{15C71CD9-1CA1-47F6-ABB8-86C2819E562A}.Debug|x86.ActiveCfg = Debug|Any CPU
		{15C71CD9-1CA1-47F6-ABB8-86C2819E562A}.Debug|x86.Build.0 = Debug|Any CPU
		{15C71CD9-1CA1-47F6-ABB8-86C2819E562A}.Release|Any CPU.ActiveCfg = Release|Any CPU
		{15C71CD9-1CA1-47F6-ABB8-86C2819E562A}.Release|Any CPU.Build.0 = Release|Any CPU
		{15C71CD9-1CA1-47F6-ABB8-86C2819E562A}.Release|x64.ActiveCfg = Release|Any CPU
		{15C71CD9-1CA1-47F6-ABB8-86C2819E562A}.Release|x64.Build.0 = Release|Any CPU
		{15C71CD9-1CA1-47F6-ABB8-86C2819E562A}.Release|x86.ActiveCfg = Release|Any CPU
		{15C71CD9-1CA1-47F6-ABB8-86C2819E562A}.Release|x86.Build.0 = Release|Any CPU
		{AE1B103A-2A7F-4329-9018-A6B747479479}.Debug|Any CPU.ActiveCfg = Debug|Any CPU
		{AE1B103A-2A7F-4329-9018-A6B747479479}.Debug|Any CPU.Build.0 = Debug|Any CPU
		{AE1B103A-2A7F-4329-9018-A6B747479479}.Debug|x64.ActiveCfg = Debug|Any CPU
		{AE1B103A-2A7F-4329-9018-A6B747479479}.Debug|x64.Build.0 = Debug|Any CPU
		{AE1B103A-2A7F-4329-9018-A6B747479479}.Debug|x86.ActiveCfg = Debug|Any CPU
		{AE1B103A-2A7F-4329-9018-A6B747479479}.Debug|x86.Build.0 = Debug|Any CPU
		{AE1B103A-2A7F-4329-9018-A6B747479479}.Release|Any CPU.ActiveCfg = Release|Any CPU
		{AE1B103A-2A7F-4329-9018-A6B747479479}.Release|Any CPU.Build.0 = Release|Any CPU
		{AE1B103A-2A7F-4329-9018-A6B747479479}.Release|x64.ActiveCfg = Release|Any CPU
		{AE1B103A-2A7F-4329-9018-A6B747479479}.Release|x64.Build.0 = Release|Any CPU
		{AE1B103A-2A7F-4329-9018-A6B747479479}.Release|x86.ActiveCfg = Release|Any CPU
		{AE1B103A-2A7F-4329-9018-A6B747479479}.Release|x86.Build.0 = Release|Any CPU
		{DDCD60FF-E34D-4A25-A5FB-8338F9460ABC}.Debug|Any CPU.ActiveCfg = Debug|Any CPU
		{DDCD60FF-E34D-4A25-A5FB-8338F9460ABC}.Debug|Any CPU.Build.0 = Debug|Any CPU
		{DDCD60FF-E34D-4A25-A5FB-8338F9460ABC}.Debug|x64.ActiveCfg = Debug|Any CPU
		{DDCD60FF-E34D-4A25-A5FB-8338F9460ABC}.Debug|x64.Build.0 = Debug|Any CPU
		{DDCD60FF-E34D-4A25-A5FB-8338F9460ABC}.Debug|x86.ActiveCfg = Debug|Any CPU
		{DDCD60FF-E34D-4A25-A5FB-8338F9460ABC}.Debug|x86.Build.0 = Debug|Any CPU
		{DDCD60FF-E34D-4A25-A5FB-8338F9460ABC}.Release|Any CPU.ActiveCfg = Release|Any CPU
		{DDCD60FF-E34D-4A25-A5FB-8338F9460ABC}.Release|Any CPU.Build.0 = Release|Any CPU
		{DDCD60FF-E34D-4A25-A5FB-8338F9460ABC}.Release|x64.ActiveCfg = Release|Any CPU
		{DDCD60FF-E34D-4A25-A5FB-8338F9460ABC}.Release|x64.Build.0 = Release|Any CPU
		{DDCD60FF-E34D-4A25-A5FB-8338F9460ABC}.Release|x86.ActiveCfg = Release|Any CPU
		{DDCD60FF-E34D-4A25-A5FB-8338F9460ABC}.Release|x86.Build.0 = Release|Any CPU
		{22761E27-4462-4E1F-806F-84A8867C33A8}.Debug|Any CPU.ActiveCfg = Debug|Any CPU
		{22761E27-4462-4E1F-806F-84A8867C33A8}.Debug|Any CPU.Build.0 = Debug|Any CPU
		{22761E27-4462-4E1F-806F-84A8867C33A8}.Debug|x64.ActiveCfg = Debug|Any CPU
		{22761E27-4462-4E1F-806F-84A8867C33A8}.Debug|x64.Build.0 = Debug|Any CPU
		{22761E27-4462-4E1F-806F-84A8867C33A8}.Debug|x86.ActiveCfg = Debug|Any CPU
		{22761E27-4462-4E1F-806F-84A8867C33A8}.Debug|x86.Build.0 = Debug|Any CPU
		{22761E27-4462-4E1F-806F-84A8867C33A8}.Release|Any CPU.ActiveCfg = Release|Any CPU
		{22761E27-4462-4E1F-806F-84A8867C33A8}.Release|Any CPU.Build.0 = Release|Any CPU
		{22761E27-4462-4E1F-806F-84A8867C33A8}.Release|x64.ActiveCfg = Release|Any CPU
		{22761E27-4462-4E1F-806F-84A8867C33A8}.Release|x64.Build.0 = Release|Any CPU
		{22761E27-4462-4E1F-806F-84A8867C33A8}.Release|x86.ActiveCfg = Release|Any CPU
		{22761E27-4462-4E1F-806F-84A8867C33A8}.Release|x86.Build.0 = Release|Any CPU
		{F5CE01F6-3685-422B-9BD5-C98D4AD88E85}.Debug|Any CPU.ActiveCfg = Debug|Any CPU
		{F5CE01F6-3685-422B-9BD5-C98D4AD88E85}.Debug|Any CPU.Build.0 = Debug|Any CPU
		{F5CE01F6-3685-422B-9BD5-C98D4AD88E85}.Debug|x64.ActiveCfg = Debug|Any CPU
		{F5CE01F6-3685-422B-9BD5-C98D4AD88E85}.Debug|x64.Build.0 = Debug|Any CPU
		{F5CE01F6-3685-422B-9BD5-C98D4AD88E85}.Debug|x86.ActiveCfg = Debug|Any CPU
		{F5CE01F6-3685-422B-9BD5-C98D4AD88E85}.Debug|x86.Build.0 = Debug|Any CPU
		{F5CE01F6-3685-422B-9BD5-C98D4AD88E85}.Release|Any CPU.ActiveCfg = Release|Any CPU
		{F5CE01F6-3685-422B-9BD5-C98D4AD88E85}.Release|Any CPU.Build.0 = Release|Any CPU
		{F5CE01F6-3685-422B-9BD5-C98D4AD88E85}.Release|x64.ActiveCfg = Release|Any CPU
		{F5CE01F6-3685-422B-9BD5-C98D4AD88E85}.Release|x64.Build.0 = Release|Any CPU
		{F5CE01F6-3685-422B-9BD5-C98D4AD88E85}.Release|x86.ActiveCfg = Release|Any CPU
		{F5CE01F6-3685-422B-9BD5-C98D4AD88E85}.Release|x86.Build.0 = Release|Any CPU
		{26E05827-52D5-4D08-8876-6F5202E0E17F}.Debug|Any CPU.ActiveCfg = Debug|Any CPU
		{26E05827-52D5-4D08-8876-6F5202E0E17F}.Debug|Any CPU.Build.0 = Debug|Any CPU
		{26E05827-52D5-4D08-8876-6F5202E0E17F}.Debug|x64.ActiveCfg = Debug|Any CPU
		{26E05827-52D5-4D08-8876-6F5202E0E17F}.Debug|x64.Build.0 = Debug|Any CPU
		{26E05827-52D5-4D08-8876-6F5202E0E17F}.Debug|x86.ActiveCfg = Debug|Any CPU
		{26E05827-52D5-4D08-8876-6F5202E0E17F}.Debug|x86.Build.0 = Debug|Any CPU
		{26E05827-52D5-4D08-8876-6F5202E0E17F}.Release|Any CPU.ActiveCfg = Release|Any CPU
		{26E05827-52D5-4D08-8876-6F5202E0E17F}.Release|Any CPU.Build.0 = Release|Any CPU
		{26E05827-52D5-4D08-8876-6F5202E0E17F}.Release|x64.ActiveCfg = Release|Any CPU
		{26E05827-52D5-4D08-8876-6F5202E0E17F}.Release|x64.Build.0 = Release|Any CPU
		{26E05827-52D5-4D08-8876-6F5202E0E17F}.Release|x86.ActiveCfg = Release|Any CPU
		{26E05827-52D5-4D08-8876-6F5202E0E17F}.Release|x86.Build.0 = Release|Any CPU
		{3DC9C153-04C2-4E53-A71D-618F52EA877B}.Debug|Any CPU.ActiveCfg = Debug|Any CPU
		{3DC9C153-04C2-4E53-A71D-618F52EA877B}.Debug|Any CPU.Build.0 = Debug|Any CPU
		{3DC9C153-04C2-4E53-A71D-618F52EA877B}.Debug|x64.ActiveCfg = Debug|Any CPU
		{3DC9C153-04C2-4E53-A71D-618F52EA877B}.Debug|x64.Build.0 = Debug|Any CPU
		{3DC9C153-04C2-4E53-A71D-618F52EA877B}.Debug|x86.ActiveCfg = Debug|Any CPU
		{3DC9C153-04C2-4E53-A71D-618F52EA877B}.Debug|x86.Build.0 = Debug|Any CPU
		{3DC9C153-04C2-4E53-A71D-618F52EA877B}.Release|Any CPU.ActiveCfg = Release|Any CPU
		{3DC9C153-04C2-4E53-A71D-618F52EA877B}.Release|Any CPU.Build.0 = Release|Any CPU
		{3DC9C153-04C2-4E53-A71D-618F52EA877B}.Release|x64.ActiveCfg = Release|Any CPU
		{3DC9C153-04C2-4E53-A71D-618F52EA877B}.Release|x64.Build.0 = Release|Any CPU
		{3DC9C153-04C2-4E53-A71D-618F52EA877B}.Release|x86.ActiveCfg = Release|Any CPU
		{3DC9C153-04C2-4E53-A71D-618F52EA877B}.Release|x86.Build.0 = Release|Any CPU
		{EF6F1D8F-2231-461A-A845-2D2F0254A7C8}.Debug|Any CPU.ActiveCfg = Debug|Any CPU
		{EF6F1D8F-2231-461A-A845-2D2F0254A7C8}.Debug|Any CPU.Build.0 = Debug|Any CPU
		{EF6F1D8F-2231-461A-A845-2D2F0254A7C8}.Debug|x64.ActiveCfg = Debug|Any CPU
		{EF6F1D8F-2231-461A-A845-2D2F0254A7C8}.Debug|x64.Build.0 = Debug|Any CPU
		{EF6F1D8F-2231-461A-A845-2D2F0254A7C8}.Debug|x86.ActiveCfg = Debug|Any CPU
		{EF6F1D8F-2231-461A-A845-2D2F0254A7C8}.Debug|x86.Build.0 = Debug|Any CPU
		{EF6F1D8F-2231-461A-A845-2D2F0254A7C8}.Release|Any CPU.ActiveCfg = Release|Any CPU
		{EF6F1D8F-2231-461A-A845-2D2F0254A7C8}.Release|Any CPU.Build.0 = Release|Any CPU
		{EF6F1D8F-2231-461A-A845-2D2F0254A7C8}.Release|x64.ActiveCfg = Release|Any CPU
		{EF6F1D8F-2231-461A-A845-2D2F0254A7C8}.Release|x64.Build.0 = Release|Any CPU
		{EF6F1D8F-2231-461A-A845-2D2F0254A7C8}.Release|x86.ActiveCfg = Release|Any CPU
		{EF6F1D8F-2231-461A-A845-2D2F0254A7C8}.Release|x86.Build.0 = Release|Any CPU
		{696BFF02-D4E2-405F-9E95-CBB2B8909EA7}.Debug|Any CPU.ActiveCfg = Debug|Any CPU
		{696BFF02-D4E2-405F-9E95-CBB2B8909EA7}.Debug|Any CPU.Build.0 = Debug|Any CPU
		{696BFF02-D4E2-405F-9E95-CBB2B8909EA7}.Debug|x64.ActiveCfg = Debug|Any CPU
		{696BFF02-D4E2-405F-9E95-CBB2B8909EA7}.Debug|x64.Build.0 = Debug|Any CPU
		{696BFF02-D4E2-405F-9E95-CBB2B8909EA7}.Debug|x86.ActiveCfg = Debug|Any CPU
		{696BFF02-D4E2-405F-9E95-CBB2B8909EA7}.Debug|x86.Build.0 = Debug|Any CPU
		{696BFF02-D4E2-405F-9E95-CBB2B8909EA7}.Release|Any CPU.ActiveCfg = Release|Any CPU
		{696BFF02-D4E2-405F-9E95-CBB2B8909EA7}.Release|Any CPU.Build.0 = Release|Any CPU
		{696BFF02-D4E2-405F-9E95-CBB2B8909EA7}.Release|x64.ActiveCfg = Release|Any CPU
		{696BFF02-D4E2-405F-9E95-CBB2B8909EA7}.Release|x64.Build.0 = Release|Any CPU
		{696BFF02-D4E2-405F-9E95-CBB2B8909EA7}.Release|x86.ActiveCfg = Release|Any CPU
		{696BFF02-D4E2-405F-9E95-CBB2B8909EA7}.Release|x86.Build.0 = Release|Any CPU
		{4D11162E-4CD0-46E3-94B2-27C2971B052C}.Debug|Any CPU.ActiveCfg = Debug|Any CPU
		{4D11162E-4CD0-46E3-94B2-27C2971B052C}.Debug|Any CPU.Build.0 = Debug|Any CPU
		{4D11162E-4CD0-46E3-94B2-27C2971B052C}.Debug|x64.ActiveCfg = Debug|Any CPU
		{4D11162E-4CD0-46E3-94B2-27C2971B052C}.Debug|x64.Build.0 = Debug|Any CPU
		{4D11162E-4CD0-46E3-94B2-27C2971B052C}.Debug|x86.ActiveCfg = Debug|Any CPU
		{4D11162E-4CD0-46E3-94B2-27C2971B052C}.Debug|x86.Build.0 = Debug|Any CPU
		{4D11162E-4CD0-46E3-94B2-27C2971B052C}.Release|Any CPU.ActiveCfg = Release|Any CPU
		{4D11162E-4CD0-46E3-94B2-27C2971B052C}.Release|Any CPU.Build.0 = Release|Any CPU
		{4D11162E-4CD0-46E3-94B2-27C2971B052C}.Release|x64.ActiveCfg = Release|Any CPU
		{4D11162E-4CD0-46E3-94B2-27C2971B052C}.Release|x64.Build.0 = Release|Any CPU
		{4D11162E-4CD0-46E3-94B2-27C2971B052C}.Release|x86.ActiveCfg = Release|Any CPU
		{4D11162E-4CD0-46E3-94B2-27C2971B052C}.Release|x86.Build.0 = Release|Any CPU
		{803BA3D6-50D7-49CA-9DA1-1117997315FE}.Debug|Any CPU.ActiveCfg = Debug|Any CPU
		{803BA3D6-50D7-49CA-9DA1-1117997315FE}.Debug|Any CPU.Build.0 = Debug|Any CPU
		{803BA3D6-50D7-49CA-9DA1-1117997315FE}.Debug|x64.ActiveCfg = Debug|Any CPU
		{803BA3D6-50D7-49CA-9DA1-1117997315FE}.Debug|x64.Build.0 = Debug|Any CPU
		{803BA3D6-50D7-49CA-9DA1-1117997315FE}.Debug|x86.ActiveCfg = Debug|Any CPU
		{803BA3D6-50D7-49CA-9DA1-1117997315FE}.Debug|x86.Build.0 = Debug|Any CPU
		{803BA3D6-50D7-49CA-9DA1-1117997315FE}.Release|Any CPU.ActiveCfg = Release|Any CPU
		{803BA3D6-50D7-49CA-9DA1-1117997315FE}.Release|Any CPU.Build.0 = Release|Any CPU
		{803BA3D6-50D7-49CA-9DA1-1117997315FE}.Release|x64.ActiveCfg = Release|Any CPU
		{803BA3D6-50D7-49CA-9DA1-1117997315FE}.Release|x64.Build.0 = Release|Any CPU
		{803BA3D6-50D7-49CA-9DA1-1117997315FE}.Release|x86.ActiveCfg = Release|Any CPU
		{803BA3D6-50D7-49CA-9DA1-1117997315FE}.Release|x86.Build.0 = Release|Any CPU
		{4B92AB30-39D6-4F7D-8EF0-4A6FB2C11EAF}.Debug|Any CPU.ActiveCfg = Debug|Any CPU
		{4B92AB30-39D6-4F7D-8EF0-4A6FB2C11EAF}.Debug|Any CPU.Build.0 = Debug|Any CPU
		{4B92AB30-39D6-4F7D-8EF0-4A6FB2C11EAF}.Debug|x64.ActiveCfg = Debug|Any CPU
		{4B92AB30-39D6-4F7D-8EF0-4A6FB2C11EAF}.Debug|x64.Build.0 = Debug|Any CPU
		{4B92AB30-39D6-4F7D-8EF0-4A6FB2C11EAF}.Debug|x86.ActiveCfg = Debug|Any CPU
		{4B92AB30-39D6-4F7D-8EF0-4A6FB2C11EAF}.Debug|x86.Build.0 = Debug|Any CPU
		{4B92AB30-39D6-4F7D-8EF0-4A6FB2C11EAF}.Release|Any CPU.ActiveCfg = Release|Any CPU
		{4B92AB30-39D6-4F7D-8EF0-4A6FB2C11EAF}.Release|Any CPU.Build.0 = Release|Any CPU
		{4B92AB30-39D6-4F7D-8EF0-4A6FB2C11EAF}.Release|x64.ActiveCfg = Release|Any CPU
		{4B92AB30-39D6-4F7D-8EF0-4A6FB2C11EAF}.Release|x64.Build.0 = Release|Any CPU
		{4B92AB30-39D6-4F7D-8EF0-4A6FB2C11EAF}.Release|x86.ActiveCfg = Release|Any CPU
		{4B92AB30-39D6-4F7D-8EF0-4A6FB2C11EAF}.Release|x86.Build.0 = Release|Any CPU
		{F21C057A-942F-40F7-910E-849C06C6E4A8}.Debug|Any CPU.ActiveCfg = Debug|Any CPU
		{F21C057A-942F-40F7-910E-849C06C6E4A8}.Debug|Any CPU.Build.0 = Debug|Any CPU
		{F21C057A-942F-40F7-910E-849C06C6E4A8}.Debug|x64.ActiveCfg = Debug|Any CPU
		{F21C057A-942F-40F7-910E-849C06C6E4A8}.Debug|x64.Build.0 = Debug|Any CPU
		{F21C057A-942F-40F7-910E-849C06C6E4A8}.Debug|x86.ActiveCfg = Debug|Any CPU
		{F21C057A-942F-40F7-910E-849C06C6E4A8}.Debug|x86.Build.0 = Debug|Any CPU
		{F21C057A-942F-40F7-910E-849C06C6E4A8}.Release|Any CPU.ActiveCfg = Release|Any CPU
		{F21C057A-942F-40F7-910E-849C06C6E4A8}.Release|Any CPU.Build.0 = Release|Any CPU
		{F21C057A-942F-40F7-910E-849C06C6E4A8}.Release|x64.ActiveCfg = Release|Any CPU
		{F21C057A-942F-40F7-910E-849C06C6E4A8}.Release|x64.Build.0 = Release|Any CPU
		{F21C057A-942F-40F7-910E-849C06C6E4A8}.Release|x86.ActiveCfg = Release|Any CPU
		{F21C057A-942F-40F7-910E-849C06C6E4A8}.Release|x86.Build.0 = Release|Any CPU
	EndGlobalSection
	GlobalSection(SolutionProperties) = preSolution
		HideSolutionNode = FALSE
	EndGlobalSection
	GlobalSection(NestedProjects) = preSolution
		{C7F1D2C3-0A0B-4F0A-8E6E-D89C99B1F355} = {8A9D6589-4729-4DBF-830F-DB1CFAE5CCD7}
		{CBBA3DBC-B972-4065-9311-E6ADA157D967} = {8A9D6589-4729-4DBF-830F-DB1CFAE5CCD7}
		{D5B2820C-A773-40D8-B18B-37153A048172} = {8A9D6589-4729-4DBF-830F-DB1CFAE5CCD7}
		{5F5C6210-9EFE-4F53-B3EF-A751C2B935F6} = {A5F1D2C1-0A0B-4F0A-8E6E-D89C99B1F353}
		{286C3AE0-ACCA-455B-819F-9D19E8486035} = {A5F1D2C1-0A0B-4F0A-8E6E-D89C99B1F353}
		{B4C11D64-24C4-442B-9E58-0F01300707C7} = {286C3AE0-ACCA-455B-819F-9D19E8486035}
		{6C8D7378-F2F7-4074-9543-E5856C4680BA} = {B4C11D64-24C4-442B-9E58-0F01300707C7}
		{B759A1E8-168F-4B79-AEB6-E651D9AAEB88} = {B4C11D64-24C4-442B-9E58-0F01300707C7}
		{74CD0B85-6C89-43D2-BCB6-9ED0ADD2AE6E} = {B4C11D64-24C4-442B-9E58-0F01300707C7}
		{19578C6A-F061-4B93-9A86-3FD2F5563C9C} = {286C3AE0-ACCA-455B-819F-9D19E8486035}
		{15C71CD9-1CA1-47F6-ABB8-86C2819E562A} = {19578C6A-F061-4B93-9A86-3FD2F5563C9C}
		{AE1B103A-2A7F-4329-9018-A6B747479479} = {19578C6A-F061-4B93-9A86-3FD2F5563C9C}
		{DDCD60FF-E34D-4A25-A5FB-8338F9460ABC} = {19578C6A-F061-4B93-9A86-3FD2F5563C9C}
		{22761E27-4462-4E1F-806F-84A8867C33A8} = {19578C6A-F061-4B93-9A86-3FD2F5563C9C}
		{F5CE01F6-3685-422B-9BD5-C98D4AD88E85} = {B4C11D64-24C4-442B-9E58-0F01300707C7}
		{26E05827-52D5-4D08-8876-6F5202E0E17F} = {B4C11D64-24C4-442B-9E58-0F01300707C7}
		{35D1F24F-5421-4A67-AD49-E246DB285795} = {286C3AE0-ACCA-455B-819F-9D19E8486035}
		{3DC9C153-04C2-4E53-A71D-618F52EA877B} = {35D1F24F-5421-4A67-AD49-E246DB285795}
		{EF6F1D8F-2231-461A-A845-2D2F0254A7C8} = {35D1F24F-5421-4A67-AD49-E246DB285795}
		{696BFF02-D4E2-405F-9E95-CBB2B8909EA7} = {35D1F24F-5421-4A67-AD49-E246DB285795}
		{4D11162E-4CD0-46E3-94B2-27C2971B052C} = {35D1F24F-5421-4A67-AD49-E246DB285795}
		{803BA3D6-50D7-49CA-9DA1-1117997315FE} = {35D1F24F-5421-4A67-AD49-E246DB285795}
		{4B92AB30-39D6-4F7D-8EF0-4A6FB2C11EAF} = {19578C6A-F061-4B93-9A86-3FD2F5563C9C}
		{2CC20CA1-B775-4F29-BC93-20CE6C1368E3} = {A5F1D2C1-0A0B-4F0A-8E6E-D89C99B1F353}
		{8A9D6589-4729-4DBF-830F-DB1CFAE5CCD7} = {A5F1D2C1-0A0B-4F0A-8E6E-D89C99B1F353}
		{F21C057A-942F-40F7-910E-849C06C6E4A8} = {2CC20CA1-B775-4F29-BC93-20CE6C1368E3}
	EndGlobalSection
	GlobalSection(ExtensibilityGlobals) = postSolution
		SolutionGuid = {E9F1D2C5-0A0B-4F0A-8E6E-D89C99B1F357}
	EndGlobalSection
EndGlobal
