
Microsoft Visual Studio Solution File, Format Version 12.00
# Visual Studio Version 17
VisualStudioVersion = 17.0.31903.59
MinimumVisualStudioVersion = 10.0.40219.1
Project("{2150E333-8FDC-42A3-9474-1A3956D46DE8}") = "src", "src", "{A5F1D2C1-0A0B-4F0A-8E6E-D89C99B1F353}"
EndProject
Project("{FAE04EC0-301F-11D3-BF4B-00C04F79EFBC}") = "Nezam.Refahi.Shared.Domain", "src\Shareds\Nezam.Refahi.Shared.Domain\Nezam.Refahi.Shared.Domain.csproj", "{C7F1D2C3-0A0B-4F0A-8E6E-D89C99B1F355}"
EndProject
Project("{FAE04EC0-301F-11D3-BF4B-00C04F79EFBC}") = "Nezam.Refahi.Shared.Infrastructure", "src\Shareds\Nezam.Refahi.Shared.Infrastructure\Nezam.Refahi.Shared.Infrastructure.csproj", "{CBBA3DBC-B972-4065-9311-E6ADA157D967}"
EndProject
Project("{FAE04EC0-301F-11D3-BF4B-00C04F79EFBC}") = "Nezam.Refahi.Shared.Application", "src\Shareds\Nezam.Refahi.Shared.Application\Nezam.Refahi.Shared.Application.csproj", "{D5B2820C-A773-40D8-B18B-37153A048172}"
EndProject
Project("{FAE04EC0-301F-11D3-BF4B-00C04F79EFBC}") = "Nezam.Refahi.WebApi", "src\Nezam.Refahi.WebApi\Nezam.Refahi.WebApi.csproj", "{5F5C6210-9EFE-4F53-B3EF-A751C2B935F6}"
EndProject
Project("{FAE04EC0-301F-11D3-BF4B-00C04F79EFBC}") = "Nezam.Refahi.Orchestrator", "src\Orchestrator\Nezam.Refahi.Orchestrator\Nezam.Refahi.Orchestrator.csproj", "{DD7ADD67-06EA-4AB5-9516-3F1F93CB30C1}"
EndProject
Project("{2150E333-8FDC-42A3-9474-1A3956D46DE8}") = "Modules", "Modules", "{286C3AE0-ACCA-455B-819F-9D19E8486035}"
EndProject
Project("{2150E333-8FDC-42A3-9474-1A3956D46DE8}") = "Settings", "Settings", "{B4C11D64-24C4-442B-9E58-0F01300707C7}"
EndProject
Project("{FAE04EC0-301F-11D3-BF4B-00C04F79EFBC}") = "Nezam.Refahi.Settings.Domain", "src\Modules\Settings\Nezam.Refahi.Settings.Domain\Nezam.Refahi.Settings.Domain.csproj", "{6C8D7378-F2F7-4074-9543-E5856C4680BA}"
EndProject
Project("{FAE04EC0-301F-11D3-BF4B-00C04F79EFBC}") = "Nezam.Refahi.Settings.Application", "src\Modules\Settings\Nezam.Refahi.Settings.Application\Nezam.Refahi.Settings.Application.csproj", "{B759A1E8-168F-4B79-AEB6-E651D9AAEB88}"
EndProject
Project("{FAE04EC0-301F-11D3-BF4B-00C04F79EFBC}") = "Nezam.Refahi.Settings.Infrastructure", "src\Modules\Settings\Nezam.Refahi.Settings.Infrastructure\Nezam.Refahi.Settings.Infrastructure.csproj", "{74CD0B85-6C89-43D2-BCB6-9ED0ADD2AE6E}"
EndProject
Project("{2150E333-8FDC-42A3-9474-1A3956D46DE8}") = "Identity", "Identity", "{19578C6A-F061-4B93-9A86-3FD2F5563C9C}"
EndProject
Project("{FAE04EC0-301F-11D3-BF4B-00C04F79EFBC}") = "Nezam.Refahi.Identity.Application", "src\Modules\Identity\Nezam.Refahi.Identity.Application\Nezam.Refahi.Identity.Application.csproj", "{15C71CD9-1CA1-47F6-ABB8-86C2819E562A}"
EndProject
Project("{FAE04EC0-301F-11D3-BF4B-00C04F79EFBC}") = "Nezam.Refahi.Identity.Infrastructure", "src\Modules\Identity\Nezam.Refahi.Identity.Infrastructure\Nezam.Refahi.Identity.Infrastructure.csproj", "{AE1B103A-2A7F-4329-9018-A6B747479479}"
EndProject
Project("{FAE04EC0-301F-11D3-BF4B-00C04F79EFBC}") = "Nezam.Refahi.Identity.Domain", "src\Modules\Identity\Nezam.Refahi.Identity.Domain\Nezam.Refahi.Identity.Domain.csproj", "{DDCD60FF-E34D-4A25-A5FB-8338F9460ABC}"
EndProject
Project("{2150E333-8FDC-42A3-9474-1A3956D46DE8}") = "Shareds", "Shareds", "{8A9D6589-4729-4DBF-830F-DB1CFAE5CCD7}"
EndProject
Project("{FAE04EC0-301F-11D3-BF4B-00C04F79EFBC}") = "Nezam.Refahi.Identity.Worker", "src\Modules\Identity\Nezam.Refahi.Identity.Worker\Nezam.Refahi.Identity.Worker.csproj", "{A1B2C3D4-E5F6-7890-ABCD-EF1234567890}"
EndProject
Project("{FAE04EC0-301F-11D3-BF4B-00C04F79EFBC}") = "Nezam.Refahi.Settings.Presentation", "src\Modules\Settings\Nezam.Refahi.Settings.Presentation\Nezam.Refahi.Settings.Presentation.csproj", "{F5CE01F6-3685-422B-9BD5-C98D4AD88E85}"
EndProject
Project("{FAE04EC0-301F-11D3-BF4B-00C04F79EFBC}") = "Nezam.Refahi.Settings.Contracts", "src\Modules\Settings\Nezam.Refahi.Settings.Contracts\Nezam.Refahi.Settings.Contracts.csproj", "{26E05827-52D5-4D08-8876-6F5202E0E17F}"
EndProject
Project("{2150E333-8FDC-42A3-9474-1A3956D46DE8}") = "Membership", "Membership", "{35D1F24F-5421-4A67-AD49-E246DB285795}"
EndProject
Project("{FAE04EC0-301F-11D3-BF4B-00C04F79EFBC}") = "Nezam.Refahi.Membership.Contracts", "src\Modules\Membership\Nezam.Refahi.Membership.Contracts\Nezam.Refahi.Membership.Contracts.csproj", "{3DC9C153-04C2-4E53-A71D-618F52EA877B}"
EndProject
Project("{FAE04EC0-301F-11D3-BF4B-00C04F79EFBC}") = "Nezam.Refahi.Membership.Domain", "src\Modules\Membership\Nezam.Refahi.Membership.Domain\Nezam.Refahi.Membership.Domain.csproj", "{EF6F1D8F-2231-461A-A845-2D2F0254A7C8}"
EndProject
Project("{FAE04EC0-301F-11D3-BF4B-00C04F79EFBC}") = "Nezam.Refahi.Membership.Application", "src\Modules\Membership\Nezam.Refahi.Membership.Application\Nezam.Refahi.Membership.Application.csproj", "{696BFF02-D4E2-405F-9E95-CBB2B8909EA7}"
EndProject
Project("{FAE04EC0-301F-11D3-BF4B-00C04F79EFBC}") = "Nezam.Refahi.Membership.Infrastructure", "src\Modules\Membership\Nezam.Refahi.Membership.Infrastructure\Nezam.Refahi.Membership.Infrastructure.csproj", "{4D11162E-4CD0-46E3-94B2-27C2971B052C}"
EndProject
Project("{FAE04EC0-301F-11D3-BF4B-00C04F79EFBC}") = "Nezam.Refahi.Membership.Presentation", "src\Modules\Membership\Nezam.Refahi.Membership.Presentation\Nezam.Refahi.Membership.Presentation.csproj", "{803BA3D6-50D7-49CA-9DA1-1117997315FE}"
EndProject
Project("{FAE04EC0-301F-11D3-BF4B-00C04F79EFBC}") = "Nezam.Refahi.Identity.Contracts", "src\Modules\Identity\Nezam.Refahi.Identity.Contracts\Nezam.Refahi.Identity.Contracts.csproj", "{4B92AB30-39D6-4F7D-8EF0-4A6FB2C11EAF}"
EndProject
Project("{2150E333-8FDC-42A3-9474-1A3956D46DE8}") = "Plugins", "Plugins", "{2CC20CA1-B775-4F29-BC93-20CE6C1368E3}"
EndProject
Project("{FAE04EC0-301F-11D3-BF4B-00C04F79EFBC}") = "Nezam.Refahi.Plugin.NezamMohandesi", "src/Plugins/Nezam.Refahi.Plugin.NezamMohandesi\Nezam.Refahi.Plugin.NezamMohandesi.csproj", "{F21C057A-942F-40F7-910E-849C06C6E4A8}"
EndProject
Project("{2150E333-8FDC-42A3-9474-1A3956D46DE8}") = "Recreations", "Recreations", "{B0B51FE4-3DCF-4F16-8787-6F950CC89FF9}"
EndProject
Project("{FAE04EC0-301F-11D3-BF4B-00C04F79EFBC}") = "Nezam.Refahi.Recreation.Domain", "src\Modules\Recreation\Nezam.Refahi.Recreation.Domain\Nezam.Refahi.Recreation.Domain.csproj", "{1ABF582A-451E-45D4-8BC9-A01F87D65D2B}"
EndProject
Project("{FAE04EC0-301F-11D3-BF4B-00C04F79EFBC}") = "Nezam.Refahi.Recreation.Contracts", "src\Modules\Recreation\Nezam.Refahi.Recreation.Contracts\Nezam.Refahi.Recreation.Contracts.csproj", "{749553A0-166C-44D3-8118-2A2A98469D8E}"
EndProject
Project("{FAE04EC0-301F-11D3-BF4B-00C04F79EFBC}") = "Nezam.Refahi.Recreation.Application", "src\Modules\Recreation\Nezam.Refahi.Recreation.Application\Nezam.Refahi.Recreation.Application.csproj", "{59559AA0-AD27-4787-AB53-4EA1AE9AA58C}"
EndProject
Project("{FAE04EC0-301F-11D3-BF4B-00C04F79EFBC}") = "Nezam.Refahi.Recreation.Infrastructure", "src\Modules\Recreation\Nezam.Refahi.Recreation.Infrastructure\Nezam.Refahi.Recreation.Infrastructure.csproj", "{E5A1D982-AE8F-4E28-A823-54AAD4D6E474}"
EndProject
Project("{FAE04EC0-301F-11D3-BF4B-00C04F79EFBC}") = "Nezam.Refahi.Recreation.Presentation", "src\Modules\Recreation\Nezam.Refahi.Recreation.Presentation\Nezam.Refahi.Recreation.Presentation.csproj", "{C5F023DC-FE5C-4D21-BF1C-E422A3BA60B2}"
EndProject
Project("{2150E333-8FDC-42A3-9474-1A3956D46DE8}") = "Finance", "Finance", "{A8A1087A-8836-483C-8BC6-9ABB4ED8B2BC}"
EndProject
Project("{FAE04EC0-301F-11D3-BF4B-00C04F79EFBC}") = "Nezam.Refahi.Finance.Application", "src\Modules\Finance\Nezam.Refahi.Finance.Application\Nezam.Refahi.Finance.Application.csproj", "{7468B389-E724-4E07-A588-B3978AB0E085}"
EndProject
Project("{FAE04EC0-301F-11D3-BF4B-00C04F79EFBC}") = "Nezam.Refahi.Finance.Domain", "src\Modules\Finance\Nezam.Refahi.Finance.Domain\Nezam.Refahi.Finance.Domain.csproj", "{577E2894-76A5-4ADC-B3F8-A3C39982B43E}"
EndProject
Project("{FAE04EC0-301F-11D3-BF4B-00C04F79EFBC}") = "Nezam.Refahi.Finance.Contracts", "src\Modules\Finance\Nezam.Refahi.Finance.Contracts\Nezam.Refahi.Finance.Contracts.csproj", "{C7360E25-D012-406B-9E8D-C31C282628C2}"
EndProject
Project("{FAE04EC0-301F-11D3-BF4B-00C04F79EFBC}") = "Nezam.Refahi.Finance.Infrastructure", "src\Modules\Finance\Nezam.Refahi.Finance.Infrastructure\Nezam.Refahi.Finance.Infrastructure.csproj", "{2D11EAF7-6509-438F-8BCE-5EC311F69FE9}"
EndProject
Project("{FAE04EC0-301F-11D3-BF4B-00C04F79EFBC}") = "Nezam.Refahi.Finance.Presentation", "src\Modules\Finance\Nezam.Refahi.Finance.Presentation\Nezam.Refahi.Finance.Presentation.csproj", "{37A7B51C-EA53-460F-913A-EF5941A12812}"
EndProject
Project("{2150E333-8FDC-42A3-9474-1A3956D46DE8}") = "Notifications", "Notifications", "{4383E987-FE98-4FEF-8F70-FA8C32433BF1}"
EndProject
Project("{FAE04EC0-301F-11D3-BF4B-00C04F79EFBC}") = "Nezam.Refahi.Notification.Application", "src\Modules\Notification\Nezam.Refahi.Notification.Application\Nezam.Refahi.Notification.Application.csproj", "{575AAC7A-78D6-4A5D-B53A-3C4F1CFF9B4A}"
EndProject
Project("{FAE04EC0-301F-11D3-BF4B-00C04F79EFBC}") = "Nezam.Refahi.Notification.Domain", "src\Modules\Notification\Nezam.Refahi.Notification.Domain\Nezam.Refahi.Notification.Domain.csproj", "{1794A004-24C3-487F-95DF-71DAA39F641F}"
EndProject
Project("{FAE04EC0-301F-11D3-BF4B-00C04F79EFBC}") = "Nezam.Refahi.Notification.Infrastructure", "src\Modules\Notification\Nezam.Refahi.Notification.Infrastructure\Nezam.Refahi.Notification.Infrastructure.csproj", "{70A79F7A-6BDC-49F0-948E-465A247121E6}"
EndProject
Project("{FAE04EC0-301F-11D3-BF4B-00C04F79EFBC}") = "Nezam.Refahi.Notification.Presentation", "src\Modules\Notification\Nezam.Refahi.Notification.Presentation\Nezam.Refahi.Notification.Presentation.csproj", "{5D7B4E1D-EA33-4521-9425-6D8559453EF9}"
EndProject
Project("{2150E333-8FDC-42A3-9474-1A3956D46DE8}") = "Definitions", "Definitions", "{DDA5B53C-4FDE-437B-8B2D-515F64615485}"
EndProject
Project("{FAE04EC0-301F-11D3-BF4B-00C04F79EFBC}") = "Nezam.Refahi.BasicDefinitions.Application", "src\Modules\BasicDefinitions\Nezam.Refahi.BasicDefinitions.Application\Nezam.Refahi.BasicDefinitions.Application.csproj", "{9CF5DEC3-C75C-468D-8796-2AD4EA41AA68}"
EndProject
Project("{FAE04EC0-301F-11D3-BF4B-00C04F79EFBC}") = "Nezam.Refahi.BasicDefinitions.Contracts", "src\Modules\BasicDefinitions\Nezam.Refahi.BasicDefinitions.Contracts\Nezam.Refahi.BasicDefinitions.Contracts.csproj", "{5990B6DB-5B76-4446-8A1D-4A94B62550E9}"
EndProject
Project("{FAE04EC0-301F-11D3-BF4B-00C04F79EFBC}") = "Nezam.Refahi.BasicDefinitions.Domain", "src\Modules\BasicDefinitions\Nezam.Refahi.BasicDefinitions.Domain\Nezam.Refahi.BasicDefinitions.Domain.csproj", "{BE370F8B-2F35-4EF0-B69F-F25480669891}"
EndProject
Project("{FAE04EC0-301F-11D3-BF4B-00C04F79EFBC}") = "Nezam.Refahi.BasicDefinitions.Infrastructure", "src\Modules\BasicDefinitions\Nezam.Refahi.BasicDefinitions.Infrastructure\Nezam.Refahi.BasicDefinitions.Infrastructure.csproj", "{1B4BBE1D-587E-48B9-B660-95E8256E7C1C}"
EndProject
Project("{FAE04EC0-301F-11D3-BF4B-00C04F79EFBC}") = "Nezam.Refahi.BasicDefinitions.Presentation", "src\Modules\BasicDefinitions\Nezam.Refahi.BasicDefinitions.Presentation\Nezam.Refahi.BasicDefinitions.Presentation.csproj", "{17157B6D-111C-49B6-A8BF-4E120F6D336C}"
EndProject
Project("{2150E333-8FDC-42A3-9474-1A3956D46DE8}") = "Surveying", "Surveying", "{7733670E-775C-4441-B81A-43E2E25D68E3}"
EndProject
Project("{FAE04EC0-301F-11D3-BF4B-00C04F79EFBC}") = "Nezam.Refahi.Surveying.Contracts", "src\Modules\Survey\Nezam.Refahi.Surveying.Contracts\Nezam.Refahi.Surveying.Contracts.csproj", "{FC5E1670-6752-415D-9087-2D8FFAD56D53}"
EndProject
Project("{FAE04EC0-301F-11D3-BF4B-00C04F79EFBC}") = "Nezam.Refahi.Surveying.Domain", "src\Modules\Survey\Nezam.Refahi.Surveying.Domain\Nezam.Refahi.Surveying.Domain.csproj", "{6A988817-2683-44B0-9920-C97B267CA1CC}"
EndProject
Project("{FAE04EC0-301F-11D3-BF4B-00C04F79EFBC}") = "Nezam.Refahi.Surveying.Infrastructure", "src\Modules\Survey\Nezam.Refahi.Surveying.Infrastructure\Nezam.Refahi.Surveying.Infrastructure.csproj", "{6209900A-6B59-4E53-B759-244E52B1E41C}"
EndProject
Project("{FAE04EC0-301F-11D3-BF4B-00C04F79EFBC}") = "Nezam.Refahi.Surveying.Presentation", "src\Modules\Survey\Nezam.Refahi.Surveying.Presentation\Nezam.Refahi.Surveying.Presentation.csproj", "{307578F5-0A97-479F-9339-142337B257A7}"
EndProject
Project("{FAE04EC0-301F-11D3-BF4B-00C04F79EFBC}") = "Nezam.Refahi.Surveying.Application", "src\Modules\Survey\Nezam.Refahi.Surveying.Application\Nezam.Refahi.Surveying.Application.csproj", "{24E547E4-B219-4D70-B39E-3DA2E60F3961}"
EndProject
Project("{2150E333-8FDC-42A3-9474-1A3956D46DE8}") = "Test", "Test", "{5B017919-1A5E-4C13-81C2-54D3597BD5DD}"
EndProject
Project("{FAE04EC0-301F-11D3-BF4B-00C04F79EFBC}") = "Nezam.Refahi.Surveying.Tests", "src\Modules\Survey\Nezam.Refahi.Surveying.Tests\Nezam.Refahi.Surveying.Tests.csproj", "{7D26EF95-FBB2-4E7A-B931-B89418188941}"
EndProject
Project("{2150E333-8FDC-42A3-9474-1A3956D46DE8}") = "Facilities", "Facilities", "{14592135-A5B9-39FA-1627-6FA9B473BD32}"
EndProject
Project("{FAE04EC0-301F-11D3-BF4B-00C04F79EFBC}") = "Nezam.Refahi.Facilities.Domain", "src\Modules\Facilities\Nezam.Refahi.Facilities.Domain\Nezam.Refahi.Facilities.Domain.csproj", "{2D872F0E-1280-4251-BFF3-1B7ABCC5A3B9}"
EndProject
Project("{FAE04EC0-301F-11D3-BF4B-00C04F79EFBC}") = "Nezam.Refahi.Facilities.Application", "src\Modules\Facilities\Nezam.Refahi.Facilities.Application\Nezam.Refahi.Facilities.Application.csproj", "{F227C21C-BCD0-4767-A086-60C0878680AA}"
EndProject
Project("{FAE04EC0-301F-11D3-BF4B-00C04F79EFBC}") = "Nezam.Refahi.Facilities.Contracts", "src\Modules\Facilities\Nezam.Refahi.Facilities.Contracts\Nezam.Refahi.Facilities.Contracts.csproj", "{FC6218A4-09CD-4FA8-90FE-AC0D6E87B496}"
EndProject
Project("{FAE04EC0-301F-11D3-BF4B-00C04F79EFBC}") = "Nezam.Refahi.Facilities.Infrastructure", "src\Modules\Facilities\Nezam.Refahi.Facilities.Infrastructure\Nezam.Refahi.Facilities.Infrastructure.csproj", "{72D64214-99B4-47BB-9F33-7AAC3B92ABFB}"
EndProject
Project("{FAE04EC0-301F-11D3-BF4B-00C04F79EFBC}") = "Nezam.Refahi.Facilities.Presentation", "src\Modules\Facilities\Nezam.Refahi.Facilities.Presentation\Nezam.Refahi.Facilities.Presentation.csproj", "{8260C9D7-FB7E-464F-B60D-5E9C4FD9E557}"
EndProject
Project("{FAE04EC0-301F-11D3-BF4B-00C04F79EFBC}") = "Nezam.Refahi.Web", "src\Nezam.Refahi.Web\Nezam.Refahi.Web.csproj", "{67DA2EC5-CA44-47D9-ADFC-E96E86D0E139}"
EndProject
Project("{FAE04EC0-301F-11D3-BF4B-00C04F79EFBC}") = "Nezam.Refahi.Identity.Presentation", "src\Modules\Identity\Nezam.Refahi.Identity.Presentation\Nezam.Refahi.Identity.Presentation.csproj", "{9772CED1-BD11-4E15-82AB-81DC0E0D939F}"
EndProject
Global
	GlobalSection(SolutionConfigurationPlatforms) = preSolution
		Debug|Any CPU = Debug|Any CPU
		Debug|x64 = Debug|x64
		Debug|x86 = Debug|x86
		Release|Any CPU = Release|Any CPU
		Release|x64 = Release|x64
		Release|x86 = Release|x86
	EndGlobalSection
	GlobalSection(ProjectConfigurationPlatforms) = postSolution
		{C7F1D2C3-0A0B-4F0A-8E6E-D89C99B1F355}.Debug|Any CPU.ActiveCfg = Debug|Any CPU
		{C7F1D2C3-0A0B-4F0A-8E6E-D89C99B1F355}.Debug|Any CPU.Build.0 = Debug|Any CPU
		{C7F1D2C3-0A0B-4F0A-8E6E-D89C99B1F355}.Debug|x64.ActiveCfg = Debug|Any CPU
		{C7F1D2C3-0A0B-4F0A-8E6E-D89C99B1F355}.Debug|x64.Build.0 = Debug|Any CPU
		{C7F1D2C3-0A0B-4F0A-8E6E-D89C99B1F355}.Debug|x86.ActiveCfg = Debug|Any CPU
		{C7F1D2C3-0A0B-4F0A-8E6E-D89C99B1F355}.Debug|x86.Build.0 = Debug|Any CPU
		{C7F1D2C3-0A0B-4F0A-8E6E-D89C99B1F355}.Release|Any CPU.ActiveCfg = Release|Any CPU
		{C7F1D2C3-0A0B-4F0A-8E6E-D89C99B1F355}.Release|Any CPU.Build.0 = Release|Any CPU
		{C7F1D2C3-0A0B-4F0A-8E6E-D89C99B1F355}.Release|x64.ActiveCfg = Release|Any CPU
		{C7F1D2C3-0A0B-4F0A-8E6E-D89C99B1F355}.Release|x64.Build.0 = Release|Any CPU
		{C7F1D2C3-0A0B-4F0A-8E6E-D89C99B1F355}.Release|x86.ActiveCfg = Release|Any CPU
		{C7F1D2C3-0A0B-4F0A-8E6E-D89C99B1F355}.Release|x86.Build.0 = Release|Any CPU
		{CBBA3DBC-B972-4065-9311-E6ADA157D967}.Debug|Any CPU.ActiveCfg = Debug|Any CPU
		{CBBA3DBC-B972-4065-9311-E6ADA157D967}.Debug|Any CPU.Build.0 = Debug|Any CPU
		{CBBA3DBC-B972-4065-9311-E6ADA157D967}.Debug|x64.ActiveCfg = Debug|Any CPU
		{CBBA3DBC-B972-4065-9311-E6ADA157D967}.Debug|x64.Build.0 = Debug|Any CPU
		{CBBA3DBC-B972-4065-9311-E6ADA157D967}.Debug|x86.ActiveCfg = Debug|Any CPU
		{CBBA3DBC-B972-4065-9311-E6ADA157D967}.Debug|x86.Build.0 = Debug|Any CPU
		{CBBA3DBC-B972-4065-9311-E6ADA157D967}.Release|Any CPU.ActiveCfg = Release|Any CPU
		{CBBA3DBC-B972-4065-9311-E6ADA157D967}.Release|Any CPU.Build.0 = Release|Any CPU
		{CBBA3DBC-B972-4065-9311-E6ADA157D967}.Release|x64.ActiveCfg = Release|Any CPU
		{CBBA3DBC-B972-4065-9311-E6ADA157D967}.Release|x64.Build.0 = Release|Any CPU
		{CBBA3DBC-B972-4065-9311-E6ADA157D967}.Release|x86.ActiveCfg = Release|Any CPU
		{CBBA3DBC-B972-4065-9311-E6ADA157D967}.Release|x86.Build.0 = Release|Any CPU
		{D5B2820C-A773-40D8-B18B-37153A048172}.Debug|Any CPU.ActiveCfg = Debug|Any CPU
		{D5B2820C-A773-40D8-B18B-37153A048172}.Debug|Any CPU.Build.0 = Debug|Any CPU
		{D5B2820C-A773-40D8-B18B-37153A048172}.Debug|x64.ActiveCfg = Debug|Any CPU
		{D5B2820C-A773-40D8-B18B-37153A048172}.Debug|x64.Build.0 = Debug|Any CPU
		{D5B2820C-A773-40D8-B18B-37153A048172}.Debug|x86.ActiveCfg = Debug|Any CPU
		{D5B2820C-A773-40D8-B18B-37153A048172}.Debug|x86.Build.0 = Debug|Any CPU
		{D5B2820C-A773-40D8-B18B-37153A048172}.Release|Any CPU.ActiveCfg = Release|Any CPU
		{D5B2820C-A773-40D8-B18B-37153A048172}.Release|Any CPU.Build.0 = Release|Any CPU
		{D5B2820C-A773-40D8-B18B-37153A048172}.Release|x64.ActiveCfg = Release|Any CPU
		{D5B2820C-A773-40D8-B18B-37153A048172}.Release|x64.Build.0 = Release|Any CPU
		{D5B2820C-A773-40D8-B18B-37153A048172}.Release|x86.ActiveCfg = Release|Any CPU
		{D5B2820C-A773-40D8-B18B-37153A048172}.Release|x86.Build.0 = Release|Any CPU
		{5F5C6210-9EFE-4F53-B3EF-A751C2B935F6}.Debug|Any CPU.ActiveCfg = Debug|Any CPU
		{5F5C6210-9EFE-4F53-B3EF-A751C2B935F6}.Debug|Any CPU.Build.0 = Debug|Any CPU
		{5F5C6210-9EFE-4F53-B3EF-A751C2B935F6}.Debug|x64.ActiveCfg = Debug|Any CPU
		{5F5C6210-9EFE-4F53-B3EF-A751C2B935F6}.Debug|x64.Build.0 = Debug|Any CPU
		{5F5C6210-9EFE-4F53-B3EF-A751C2B935F6}.Debug|x86.ActiveCfg = Debug|Any CPU
		{5F5C6210-9EFE-4F53-B3EF-A751C2B935F6}.Debug|x86.Build.0 = Debug|Any CPU
		{5F5C6210-9EFE-4F53-B3EF-A751C2B935F6}.Release|Any CPU.ActiveCfg = Release|Any CPU
		{5F5C6210-9EFE-4F53-B3EF-A751C2B935F6}.Release|Any CPU.Build.0 = Release|Any CPU
		{5F5C6210-9EFE-4F53-B3EF-A751C2B935F6}.Release|x64.ActiveCfg = Release|Any CPU
		{5F5C6210-9EFE-4F53-B3EF-A751C2B935F6}.Release|x64.Build.0 = Release|Any CPU
		{5F5C6210-9EFE-4F53-B3EF-A751C2B935F6}.Release|x86.ActiveCfg = Release|Any CPU
		{5F5C6210-9EFE-4F53-B3EF-A751C2B935F6}.Release|x86.Build.0 = Release|Any CPU
		{6C8D7378-F2F7-4074-9543-E5856C4680BA}.Debug|Any CPU.ActiveCfg = Debug|Any CPU
		{6C8D7378-F2F7-4074-9543-E5856C4680BA}.Debug|Any CPU.Build.0 = Debug|Any CPU
		{6C8D7378-F2F7-4074-9543-E5856C4680BA}.Debug|x64.ActiveCfg = Debug|Any CPU
		{6C8D7378-F2F7-4074-9543-E5856C4680BA}.Debug|x64.Build.0 = Debug|Any CPU
		{6C8D7378-F2F7-4074-9543-E5856C4680BA}.Debug|x86.ActiveCfg = Debug|Any CPU
		{6C8D7378-F2F7-4074-9543-E5856C4680BA}.Debug|x86.Build.0 = Debug|Any CPU
		{6C8D7378-F2F7-4074-9543-E5856C4680BA}.Release|Any CPU.ActiveCfg = Release|Any CPU
		{6C8D7378-F2F7-4074-9543-E5856C4680BA}.Release|Any CPU.Build.0 = Release|Any CPU
		{6C8D7378-F2F7-4074-9543-E5856C4680BA}.Release|x64.ActiveCfg = Release|Any CPU
		{6C8D7378-F2F7-4074-9543-E5856C4680BA}.Release|x64.Build.0 = Release|Any CPU
		{6C8D7378-F2F7-4074-9543-E5856C4680BA}.Release|x86.ActiveCfg = Release|Any CPU
		{6C8D7378-F2F7-4074-9543-E5856C4680BA}.Release|x86.Build.0 = Release|Any CPU
		{B759A1E8-168F-4B79-AEB6-E651D9AAEB88}.Debug|Any CPU.ActiveCfg = Debug|Any CPU
		{B759A1E8-168F-4B79-AEB6-E651D9AAEB88}.Debug|Any CPU.Build.0 = Debug|Any CPU
		{B759A1E8-168F-4B79-AEB6-E651D9AAEB88}.Debug|x64.ActiveCfg = Debug|Any CPU
		{B759A1E8-168F-4B79-AEB6-E651D9AAEB88}.Debug|x64.Build.0 = Debug|Any CPU
		{B759A1E8-168F-4B79-AEB6-E651D9AAEB88}.Debug|x86.ActiveCfg = Debug|Any CPU
		{B759A1E8-168F-4B79-AEB6-E651D9AAEB88}.Debug|x86.Build.0 = Debug|Any CPU
		{B759A1E8-168F-4B79-AEB6-E651D9AAEB88}.Release|Any CPU.ActiveCfg = Release|Any CPU
		{B759A1E8-168F-4B79-AEB6-E651D9AAEB88}.Release|Any CPU.Build.0 = Release|Any CPU
		{B759A1E8-168F-4B79-AEB6-E651D9AAEB88}.Release|x64.ActiveCfg = Release|Any CPU
		{B759A1E8-168F-4B79-AEB6-E651D9AAEB88}.Release|x64.Build.0 = Release|Any CPU
		{B759A1E8-168F-4B79-AEB6-E651D9AAEB88}.Release|x86.ActiveCfg = Release|Any CPU
		{B759A1E8-168F-4B79-AEB6-E651D9AAEB88}.Release|x86.Build.0 = Release|Any CPU
		{74CD0B85-6C89-43D2-BCB6-9ED0ADD2AE6E}.Debug|Any CPU.ActiveCfg = Debug|Any CPU
		{74CD0B85-6C89-43D2-BCB6-9ED0ADD2AE6E}.Debug|Any CPU.Build.0 = Debug|Any CPU
		{74CD0B85-6C89-43D2-BCB6-9ED0ADD2AE6E}.Debug|x64.ActiveCfg = Debug|Any CPU
		{74CD0B85-6C89-43D2-BCB6-9ED0ADD2AE6E}.Debug|x64.Build.0 = Debug|Any CPU
		{74CD0B85-6C89-43D2-BCB6-9ED0ADD2AE6E}.Debug|x86.ActiveCfg = Debug|Any CPU
		{74CD0B85-6C89-43D2-BCB6-9ED0ADD2AE6E}.Debug|x86.Build.0 = Debug|Any CPU
		{74CD0B85-6C89-43D2-BCB6-9ED0ADD2AE6E}.Release|Any CPU.ActiveCfg = Release|Any CPU
		{74CD0B85-6C89-43D2-BCB6-9ED0ADD2AE6E}.Release|Any CPU.Build.0 = Release|Any CPU
		{74CD0B85-6C89-43D2-BCB6-9ED0ADD2AE6E}.Release|x64.ActiveCfg = Release|Any CPU
		{74CD0B85-6C89-43D2-BCB6-9ED0ADD2AE6E}.Release|x64.Build.0 = Release|Any CPU
		{74CD0B85-6C89-43D2-BCB6-9ED0ADD2AE6E}.Release|x86.ActiveCfg = Release|Any CPU
		{74CD0B85-6C89-43D2-BCB6-9ED0ADD2AE6E}.Release|x86.Build.0 = Release|Any CPU
		{15C71CD9-1CA1-47F6-ABB8-86C2819E562A}.Debug|Any CPU.ActiveCfg = Debug|Any CPU
		{15C71CD9-1CA1-47F6-ABB8-86C2819E562A}.Debug|Any CPU.Build.0 = Debug|Any CPU
		{15C71CD9-1CA1-47F6-ABB8-86C2819E562A}.Debug|x64.ActiveCfg = Debug|Any CPU
		{15C71CD9-1CA1-47F6-ABB8-86C2819E562A}.Debug|x64.Build.0 = Debug|Any CPU
		{15C71CD9-1CA1-47F6-ABB8-86C2819E562A}.Debug|x86.ActiveCfg = Debug|Any CPU
		{15C71CD9-1CA1-47F6-ABB8-86C2819E562A}.Debug|x86.Build.0 = Debug|Any CPU
		{15C71CD9-1CA1-47F6-ABB8-86C2819E562A}.Release|Any CPU.ActiveCfg = Release|Any CPU
		{15C71CD9-1CA1-47F6-ABB8-86C2819E562A}.Release|Any CPU.Build.0 = Release|Any CPU
		{15C71CD9-1CA1-47F6-ABB8-86C2819E562A}.Release|x64.ActiveCfg = Release|Any CPU
		{15C71CD9-1CA1-47F6-ABB8-86C2819E562A}.Release|x64.Build.0 = Release|Any CPU
		{15C71CD9-1CA1-47F6-ABB8-86C2819E562A}.Release|x86.ActiveCfg = Release|Any CPU
		{15C71CD9-1CA1-47F6-ABB8-86C2819E562A}.Release|x86.Build.0 = Release|Any CPU
		{AE1B103A-2A7F-4329-9018-A6B747479479}.Debug|Any CPU.ActiveCfg = Debug|Any CPU
		{AE1B103A-2A7F-4329-9018-A6B747479479}.Debug|Any CPU.Build.0 = Debug|Any CPU
		{AE1B103A-2A7F-4329-9018-A6B747479479}.Debug|x64.ActiveCfg = Debug|Any CPU
		{AE1B103A-2A7F-4329-9018-A6B747479479}.Debug|x64.Build.0 = Debug|Any CPU
		{AE1B103A-2A7F-4329-9018-A6B747479479}.Debug|x86.ActiveCfg = Debug|Any CPU
		{AE1B103A-2A7F-4329-9018-A6B747479479}.Debug|x86.Build.0 = Debug|Any CPU
		{AE1B103A-2A7F-4329-9018-A6B747479479}.Release|Any CPU.ActiveCfg = Release|Any CPU
		{AE1B103A-2A7F-4329-9018-A6B747479479}.Release|Any CPU.Build.0 = Release|Any CPU
		{AE1B103A-2A7F-4329-9018-A6B747479479}.Release|x64.ActiveCfg = Release|Any CPU
		{AE1B103A-2A7F-4329-9018-A6B747479479}.Release|x64.Build.0 = Release|Any CPU
		{AE1B103A-2A7F-4329-9018-A6B747479479}.Release|x86.ActiveCfg = Release|Any CPU
		{AE1B103A-2A7F-4329-9018-A6B747479479}.Release|x86.Build.0 = Release|Any CPU
		{DDCD60FF-E34D-4A25-A5FB-8338F9460ABC}.Debug|Any CPU.ActiveCfg = Debug|Any CPU
		{DDCD60FF-E34D-4A25-A5FB-8338F9460ABC}.Debug|Any CPU.Build.0 = Debug|Any CPU
		{DDCD60FF-E34D-4A25-A5FB-8338F9460ABC}.Debug|x64.ActiveCfg = Debug|Any CPU
		{DDCD60FF-E34D-4A25-A5FB-8338F9460ABC}.Debug|x64.Build.0 = Debug|Any CPU
		{DDCD60FF-E34D-4A25-A5FB-8338F9460ABC}.Debug|x86.ActiveCfg = Debug|Any CPU
		{DDCD60FF-E34D-4A25-A5FB-8338F9460ABC}.Debug|x86.Build.0 = Debug|Any CPU
		{DDCD60FF-E34D-4A25-A5FB-8338F9460ABC}.Release|Any CPU.ActiveCfg = Release|Any CPU
		{DDCD60FF-E34D-4A25-A5FB-8338F9460ABC}.Release|Any CPU.Build.0 = Release|Any CPU
		{DDCD60FF-E34D-4A25-A5FB-8338F9460ABC}.Release|x64.ActiveCfg = Release|Any CPU
		{DDCD60FF-E34D-4A25-A5FB-8338F9460ABC}.Release|x64.Build.0 = Release|Any CPU
		{DDCD60FF-E34D-4A25-A5FB-8338F9460ABC}.Release|x86.ActiveCfg = Release|Any CPU
		{DDCD60FF-E34D-4A25-A5FB-8338F9460ABC}.Release|x86.Build.0 = Release|Any CPU
		{A1B2C3D4-E5F6-7890-ABCD-EF1234567890}.Debug|Any CPU.ActiveCfg = Debug|Any CPU
		{A1B2C3D4-E5F6-7890-ABCD-EF1234567890}.Debug|Any CPU.Build.0 = Debug|Any CPU
		{A1B2C3D4-E5F6-7890-ABCD-EF1234567890}.Debug|x64.ActiveCfg = Debug|Any CPU
		{A1B2C3D4-E5F6-7890-ABCD-EF1234567890}.Debug|x64.Build.0 = Debug|Any CPU
		{A1B2C3D4-E5F6-7890-ABCD-EF1234567890}.Debug|x86.ActiveCfg = Debug|Any CPU
		{A1B2C3D4-E5F6-7890-ABCD-EF1234567890}.Debug|x86.Build.0 = Debug|Any CPU
		{A1B2C3D4-E5F6-7890-ABCD-EF1234567890}.Release|Any CPU.ActiveCfg = Release|Any CPU
		{A1B2C3D4-E5F6-7890-ABCD-EF1234567890}.Release|Any CPU.Build.0 = Release|Any CPU
		{A1B2C3D4-E5F6-7890-ABCD-EF1234567890}.Release|x64.ActiveCfg = Release|Any CPU
		{A1B2C3D4-E5F6-7890-ABCD-EF1234567890}.Release|x64.Build.0 = Release|Any CPU
		{A1B2C3D4-E5F6-7890-ABCD-EF1234567890}.Release|x86.ActiveCfg = Release|Any CPU
		{A1B2C3D4-E5F6-7890-ABCD-EF1234567890}.Release|x86.Build.0 = Release|Any CPU
		{F5CE01F6-3685-422B-9BD5-C98D4AD88E85}.Debug|Any CPU.ActiveCfg = Debug|Any CPU
		{F5CE01F6-3685-422B-9BD5-C98D4AD88E85}.Debug|Any CPU.Build.0 = Debug|Any CPU
		{F5CE01F6-3685-422B-9BD5-C98D4AD88E85}.Debug|x64.ActiveCfg = Debug|Any CPU
		{F5CE01F6-3685-422B-9BD5-C98D4AD88E85}.Debug|x64.Build.0 = Debug|Any CPU
		{F5CE01F6-3685-422B-9BD5-C98D4AD88E85}.Debug|x86.ActiveCfg = Debug|Any CPU
		{F5CE01F6-3685-422B-9BD5-C98D4AD88E85}.Debug|x86.Build.0 = Debug|Any CPU
		{F5CE01F6-3685-422B-9BD5-C98D4AD88E85}.Release|Any CPU.ActiveCfg = Release|Any CPU
		{F5CE01F6-3685-422B-9BD5-C98D4AD88E85}.Release|Any CPU.Build.0 = Release|Any CPU
		{F5CE01F6-3685-422B-9BD5-C98D4AD88E85}.Release|x64.ActiveCfg = Release|Any CPU
		{F5CE01F6-3685-422B-9BD5-C98D4AD88E85}.Release|x64.Build.0 = Release|Any CPU
		{F5CE01F6-3685-422B-9BD5-C98D4AD88E85}.Release|x86.ActiveCfg = Release|Any CPU
		{F5CE01F6-3685-422B-9BD5-C98D4AD88E85}.Release|x86.Build.0 = Release|Any CPU
		{26E05827-52D5-4D08-8876-6F5202E0E17F}.Debug|Any CPU.ActiveCfg = Debug|Any CPU
		{26E05827-52D5-4D08-8876-6F5202E0E17F}.Debug|Any CPU.Build.0 = Debug|Any CPU
		{26E05827-52D5-4D08-8876-6F5202E0E17F}.Debug|x64.ActiveCfg = Debug|Any CPU
		{26E05827-52D5-4D08-8876-6F5202E0E17F}.Debug|x64.Build.0 = Debug|Any CPU
		{26E05827-52D5-4D08-8876-6F5202E0E17F}.Debug|x86.ActiveCfg = Debug|Any CPU
		{26E05827-52D5-4D08-8876-6F5202E0E17F}.Debug|x86.Build.0 = Debug|Any CPU
		{26E05827-52D5-4D08-8876-6F5202E0E17F}.Release|Any CPU.ActiveCfg = Release|Any CPU
		{26E05827-52D5-4D08-8876-6F5202E0E17F}.Release|Any CPU.Build.0 = Release|Any CPU
		{26E05827-52D5-4D08-8876-6F5202E0E17F}.Release|x64.ActiveCfg = Release|Any CPU
		{26E05827-52D5-4D08-8876-6F5202E0E17F}.Release|x64.Build.0 = Release|Any CPU
		{26E05827-52D5-4D08-8876-6F5202E0E17F}.Release|x86.ActiveCfg = Release|Any CPU
		{26E05827-52D5-4D08-8876-6F5202E0E17F}.Release|x86.Build.0 = Release|Any CPU
		{3DC9C153-04C2-4E53-A71D-618F52EA877B}.Debug|Any CPU.ActiveCfg = Debug|Any CPU
		{3DC9C153-04C2-4E53-A71D-618F52EA877B}.Debug|Any CPU.Build.0 = Debug|Any CPU
		{3DC9C153-04C2-4E53-A71D-618F52EA877B}.Debug|x64.ActiveCfg = Debug|Any CPU
		{3DC9C153-04C2-4E53-A71D-618F52EA877B}.Debug|x64.Build.0 = Debug|Any CPU
		{3DC9C153-04C2-4E53-A71D-618F52EA877B}.Debug|x86.ActiveCfg = Debug|Any CPU
		{3DC9C153-04C2-4E53-A71D-618F52EA877B}.Debug|x86.Build.0 = Debug|Any CPU
		{3DC9C153-04C2-4E53-A71D-618F52EA877B}.Release|Any CPU.ActiveCfg = Release|Any CPU
		{3DC9C153-04C2-4E53-A71D-618F52EA877B}.Release|Any CPU.Build.0 = Release|Any CPU
		{3DC9C153-04C2-4E53-A71D-618F52EA877B}.Release|x64.ActiveCfg = Release|Any CPU
		{3DC9C153-04C2-4E53-A71D-618F52EA877B}.Release|x64.Build.0 = Release|Any CPU
		{3DC9C153-04C2-4E53-A71D-618F52EA877B}.Release|x86.ActiveCfg = Release|Any CPU
		{3DC9C153-04C2-4E53-A71D-618F52EA877B}.Release|x86.Build.0 = Release|Any CPU
		{EF6F1D8F-2231-461A-A845-2D2F0254A7C8}.Debug|Any CPU.ActiveCfg = Debug|Any CPU
		{EF6F1D8F-2231-461A-A845-2D2F0254A7C8}.Debug|Any CPU.Build.0 = Debug|Any CPU
		{EF6F1D8F-2231-461A-A845-2D2F0254A7C8}.Debug|x64.ActiveCfg = Debug|Any CPU
		{EF6F1D8F-2231-461A-A845-2D2F0254A7C8}.Debug|x64.Build.0 = Debug|Any CPU
		{EF6F1D8F-2231-461A-A845-2D2F0254A7C8}.Debug|x86.ActiveCfg = Debug|Any CPU
		{EF6F1D8F-2231-461A-A845-2D2F0254A7C8}.Debug|x86.Build.0 = Debug|Any CPU
		{EF6F1D8F-2231-461A-A845-2D2F0254A7C8}.Release|Any CPU.ActiveCfg = Release|Any CPU
		{EF6F1D8F-2231-461A-A845-2D2F0254A7C8}.Release|Any CPU.Build.0 = Release|Any CPU
		{EF6F1D8F-2231-461A-A845-2D2F0254A7C8}.Release|x64.ActiveCfg = Release|Any CPU
		{EF6F1D8F-2231-461A-A845-2D2F0254A7C8}.Release|x64.Build.0 = Release|Any CPU
		{EF6F1D8F-2231-461A-A845-2D2F0254A7C8}.Release|x86.ActiveCfg = Release|Any CPU
		{EF6F1D8F-2231-461A-A845-2D2F0254A7C8}.Release|x86.Build.0 = Release|Any CPU
		{696BFF02-D4E2-405F-9E95-CBB2B8909EA7}.Debug|Any CPU.ActiveCfg = Debug|Any CPU
		{696BFF02-D4E2-405F-9E95-CBB2B8909EA7}.Debug|Any CPU.Build.0 = Debug|Any CPU
		{696BFF02-D4E2-405F-9E95-CBB2B8909EA7}.Debug|x64.ActiveCfg = Debug|Any CPU
		{696BFF02-D4E2-405F-9E95-CBB2B8909EA7}.Debug|x64.Build.0 = Debug|Any CPU
		{696BFF02-D4E2-405F-9E95-CBB2B8909EA7}.Debug|x86.ActiveCfg = Debug|Any CPU
		{696BFF02-D4E2-405F-9E95-CBB2B8909EA7}.Debug|x86.Build.0 = Debug|Any CPU
		{696BFF02-D4E2-405F-9E95-CBB2B8909EA7}.Release|Any CPU.ActiveCfg = Release|Any CPU
		{696BFF02-D4E2-405F-9E95-CBB2B8909EA7}.Release|Any CPU.Build.0 = Release|Any CPU
		{696BFF02-D4E2-405F-9E95-CBB2B8909EA7}.Release|x64.ActiveCfg = Release|Any CPU
		{696BFF02-D4E2-405F-9E95-CBB2B8909EA7}.Release|x64.Build.0 = Release|Any CPU
		{696BFF02-D4E2-405F-9E95-CBB2B8909EA7}.Release|x86.ActiveCfg = Release|Any CPU
		{696BFF02-D4E2-405F-9E95-CBB2B8909EA7}.Release|x86.Build.0 = Release|Any CPU
		{4D11162E-4CD0-46E3-94B2-27C2971B052C}.Debug|Any CPU.ActiveCfg = Debug|Any CPU
		{4D11162E-4CD0-46E3-94B2-27C2971B052C}.Debug|Any CPU.Build.0 = Debug|Any CPU
		{4D11162E-4CD0-46E3-94B2-27C2971B052C}.Debug|x64.ActiveCfg = Debug|Any CPU
		{4D11162E-4CD0-46E3-94B2-27C2971B052C}.Debug|x64.Build.0 = Debug|Any CPU
		{4D11162E-4CD0-46E3-94B2-27C2971B052C}.Debug|x86.ActiveCfg = Debug|Any CPU
		{4D11162E-4CD0-46E3-94B2-27C2971B052C}.Debug|x86.Build.0 = Debug|Any CPU
		{4D11162E-4CD0-46E3-94B2-27C2971B052C}.Release|Any CPU.ActiveCfg = Release|Any CPU
		{4D11162E-4CD0-46E3-94B2-27C2971B052C}.Release|Any CPU.Build.0 = Release|Any CPU
		{4D11162E-4CD0-46E3-94B2-27C2971B052C}.Release|x64.ActiveCfg = Release|Any CPU
		{4D11162E-4CD0-46E3-94B2-27C2971B052C}.Release|x64.Build.0 = Release|Any CPU
		{4D11162E-4CD0-46E3-94B2-27C2971B052C}.Release|x86.ActiveCfg = Release|Any CPU
		{4D11162E-4CD0-46E3-94B2-27C2971B052C}.Release|x86.Build.0 = Release|Any CPU
		{803BA3D6-50D7-49CA-9DA1-1117997315FE}.Debug|Any CPU.ActiveCfg = Debug|Any CPU
		{803BA3D6-50D7-49CA-9DA1-1117997315FE}.Debug|Any CPU.Build.0 = Debug|Any CPU
		{803BA3D6-50D7-49CA-9DA1-1117997315FE}.Debug|x64.ActiveCfg = Debug|Any CPU
		{803BA3D6-50D7-49CA-9DA1-1117997315FE}.Debug|x64.Build.0 = Debug|Any CPU
		{803BA3D6-50D7-49CA-9DA1-1117997315FE}.Debug|x86.ActiveCfg = Debug|Any CPU
		{803BA3D6-50D7-49CA-9DA1-1117997315FE}.Debug|x86.Build.0 = Debug|Any CPU
		{803BA3D6-50D7-49CA-9DA1-1117997315FE}.Release|Any CPU.ActiveCfg = Release|Any CPU
		{803BA3D6-50D7-49CA-9DA1-1117997315FE}.Release|Any CPU.Build.0 = Release|Any CPU
		{803BA3D6-50D7-49CA-9DA1-1117997315FE}.Release|x64.ActiveCfg = Release|Any CPU
		{803BA3D6-50D7-49CA-9DA1-1117997315FE}.Release|x64.Build.0 = Release|Any CPU
		{803BA3D6-50D7-49CA-9DA1-1117997315FE}.Release|x86.ActiveCfg = Release|Any CPU
		{803BA3D6-50D7-49CA-9DA1-1117997315FE}.Release|x86.Build.0 = Release|Any CPU
		{4B92AB30-39D6-4F7D-8EF0-4A6FB2C11EAF}.Debug|Any CPU.ActiveCfg = Debug|Any CPU
		{4B92AB30-39D6-4F7D-8EF0-4A6FB2C11EAF}.Debug|Any CPU.Build.0 = Debug|Any CPU
		{4B92AB30-39D6-4F7D-8EF0-4A6FB2C11EAF}.Debug|x64.ActiveCfg = Debug|Any CPU
		{4B92AB30-39D6-4F7D-8EF0-4A6FB2C11EAF}.Debug|x64.Build.0 = Debug|Any CPU
		{4B92AB30-39D6-4F7D-8EF0-4A6FB2C11EAF}.Debug|x86.ActiveCfg = Debug|Any CPU
		{4B92AB30-39D6-4F7D-8EF0-4A6FB2C11EAF}.Debug|x86.Build.0 = Debug|Any CPU
		{4B92AB30-39D6-4F7D-8EF0-4A6FB2C11EAF}.Release|Any CPU.ActiveCfg = Release|Any CPU
		{4B92AB30-39D6-4F7D-8EF0-4A6FB2C11EAF}.Release|Any CPU.Build.0 = Release|Any CPU
		{4B92AB30-39D6-4F7D-8EF0-4A6FB2C11EAF}.Release|x64.ActiveCfg = Release|Any CPU
		{4B92AB30-39D6-4F7D-8EF0-4A6FB2C11EAF}.Release|x64.Build.0 = Release|Any CPU
		{4B92AB30-39D6-4F7D-8EF0-4A6FB2C11EAF}.Release|x86.ActiveCfg = Release|Any CPU
		{4B92AB30-39D6-4F7D-8EF0-4A6FB2C11EAF}.Release|x86.Build.0 = Release|Any CPU
		{F21C057A-942F-40F7-910E-849C06C6E4A8}.Debug|Any CPU.ActiveCfg = Debug|Any CPU
		{F21C057A-942F-40F7-910E-849C06C6E4A8}.Debug|Any CPU.Build.0 = Debug|Any CPU
		{F21C057A-942F-40F7-910E-849C06C6E4A8}.Debug|x64.ActiveCfg = Debug|Any CPU
		{F21C057A-942F-40F7-910E-849C06C6E4A8}.Debug|x64.Build.0 = Debug|Any CPU
		{F21C057A-942F-40F7-910E-849C06C6E4A8}.Debug|x86.ActiveCfg = Debug|Any CPU
		{F21C057A-942F-40F7-910E-849C06C6E4A8}.Debug|x86.Build.0 = Debug|Any CPU
		{F21C057A-942F-40F7-910E-849C06C6E4A8}.Release|Any CPU.ActiveCfg = Release|Any CPU
		{F21C057A-942F-40F7-910E-849C06C6E4A8}.Release|Any CPU.Build.0 = Release|Any CPU
		{F21C057A-942F-40F7-910E-849C06C6E4A8}.Release|x64.ActiveCfg = Release|Any CPU
		{F21C057A-942F-40F7-910E-849C06C6E4A8}.Release|x64.Build.0 = Release|Any CPU
		{F21C057A-942F-40F7-910E-849C06C6E4A8}.Release|x86.ActiveCfg = Release|Any CPU
		{F21C057A-942F-40F7-910E-849C06C6E4A8}.Release|x86.Build.0 = Release|Any CPU
		{1ABF582A-451E-45D4-8BC9-A01F87D65D2B}.Debug|Any CPU.ActiveCfg = Debug|Any CPU
		{1ABF582A-451E-45D4-8BC9-A01F87D65D2B}.Debug|Any CPU.Build.0 = Debug|Any CPU
		{1ABF582A-451E-45D4-8BC9-A01F87D65D2B}.Debug|x64.ActiveCfg = Debug|Any CPU
		{1ABF582A-451E-45D4-8BC9-A01F87D65D2B}.Debug|x64.Build.0 = Debug|Any CPU
		{1ABF582A-451E-45D4-8BC9-A01F87D65D2B}.Debug|x86.ActiveCfg = Debug|Any CPU
		{1ABF582A-451E-45D4-8BC9-A01F87D65D2B}.Debug|x86.Build.0 = Debug|Any CPU
		{1ABF582A-451E-45D4-8BC9-A01F87D65D2B}.Release|Any CPU.ActiveCfg = Release|Any CPU
		{1ABF582A-451E-45D4-8BC9-A01F87D65D2B}.Release|Any CPU.Build.0 = Release|Any CPU
		{1ABF582A-451E-45D4-8BC9-A01F87D65D2B}.Release|x64.ActiveCfg = Release|Any CPU
		{1ABF582A-451E-45D4-8BC9-A01F87D65D2B}.Release|x64.Build.0 = Release|Any CPU
		{1ABF582A-451E-45D4-8BC9-A01F87D65D2B}.Release|x86.ActiveCfg = Release|Any CPU
		{1ABF582A-451E-45D4-8BC9-A01F87D65D2B}.Release|x86.Build.0 = Release|Any CPU
		{749553A0-166C-44D3-8118-2A2A98469D8E}.Debug|Any CPU.ActiveCfg = Debug|Any CPU
		{749553A0-166C-44D3-8118-2A2A98469D8E}.Debug|Any CPU.Build.0 = Debug|Any CPU
		{749553A0-166C-44D3-8118-2A2A98469D8E}.Debug|x64.ActiveCfg = Debug|Any CPU
		{749553A0-166C-44D3-8118-2A2A98469D8E}.Debug|x64.Build.0 = Debug|Any CPU
		{749553A0-166C-44D3-8118-2A2A98469D8E}.Debug|x86.ActiveCfg = Debug|Any CPU
		{749553A0-166C-44D3-8118-2A2A98469D8E}.Debug|x86.Build.0 = Debug|Any CPU
		{749553A0-166C-44D3-8118-2A2A98469D8E}.Release|Any CPU.ActiveCfg = Release|Any CPU
		{749553A0-166C-44D3-8118-2A2A98469D8E}.Release|Any CPU.Build.0 = Release|Any CPU
		{749553A0-166C-44D3-8118-2A2A98469D8E}.Release|x64.ActiveCfg = Release|Any CPU
		{749553A0-166C-44D3-8118-2A2A98469D8E}.Release|x64.Build.0 = Release|Any CPU
		{749553A0-166C-44D3-8118-2A2A98469D8E}.Release|x86.ActiveCfg = Release|Any CPU
		{749553A0-166C-44D3-8118-2A2A98469D8E}.Release|x86.Build.0 = Release|Any CPU
		{59559AA0-AD27-4787-AB53-4EA1AE9AA58C}.Debug|Any CPU.ActiveCfg = Debug|Any CPU
		{59559AA0-AD27-4787-AB53-4EA1AE9AA58C}.Debug|Any CPU.Build.0 = Debug|Any CPU
		{59559AA0-AD27-4787-AB53-4EA1AE9AA58C}.Debug|x64.ActiveCfg = Debug|Any CPU
		{59559AA0-AD27-4787-AB53-4EA1AE9AA58C}.Debug|x64.Build.0 = Debug|Any CPU
		{59559AA0-AD27-4787-AB53-4EA1AE9AA58C}.Debug|x86.ActiveCfg = Debug|Any CPU
		{59559AA0-AD27-4787-AB53-4EA1AE9AA58C}.Debug|x86.Build.0 = Debug|Any CPU
		{59559AA0-AD27-4787-AB53-4EA1AE9AA58C}.Release|Any CPU.ActiveCfg = Release|Any CPU
		{59559AA0-AD27-4787-AB53-4EA1AE9AA58C}.Release|Any CPU.Build.0 = Release|Any CPU
		{59559AA0-AD27-4787-AB53-4EA1AE9AA58C}.Release|x64.ActiveCfg = Release|Any CPU
		{59559AA0-AD27-4787-AB53-4EA1AE9AA58C}.Release|x64.Build.0 = Release|Any CPU
		{59559AA0-AD27-4787-AB53-4EA1AE9AA58C}.Release|x86.ActiveCfg = Release|Any CPU
		{59559AA0-AD27-4787-AB53-4EA1AE9AA58C}.Release|x86.Build.0 = Release|Any CPU
		{E5A1D982-AE8F-4E28-A823-54AAD4D6E474}.Debug|Any CPU.ActiveCfg = Debug|Any CPU
		{E5A1D982-AE8F-4E28-A823-54AAD4D6E474}.Debug|Any CPU.Build.0 = Debug|Any CPU
		{E5A1D982-AE8F-4E28-A823-54AAD4D6E474}.Debug|x64.ActiveCfg = Debug|Any CPU
		{E5A1D982-AE8F-4E28-A823-54AAD4D6E474}.Debug|x64.Build.0 = Debug|Any CPU
		{E5A1D982-AE8F-4E28-A823-54AAD4D6E474}.Debug|x86.ActiveCfg = Debug|Any CPU
		{E5A1D982-AE8F-4E28-A823-54AAD4D6E474}.Debug|x86.Build.0 = Debug|Any CPU
		{E5A1D982-AE8F-4E28-A823-54AAD4D6E474}.Release|Any CPU.ActiveCfg = Release|Any CPU
		{E5A1D982-AE8F-4E28-A823-54AAD4D6E474}.Release|Any CPU.Build.0 = Release|Any CPU
		{E5A1D982-AE8F-4E28-A823-54AAD4D6E474}.Release|x64.ActiveCfg = Release|Any CPU
		{E5A1D982-AE8F-4E28-A823-54AAD4D6E474}.Release|x64.Build.0 = Release|Any CPU
		{E5A1D982-AE8F-4E28-A823-54AAD4D6E474}.Release|x86.ActiveCfg = Release|Any CPU
		{E5A1D982-AE8F-4E28-A823-54AAD4D6E474}.Release|x86.Build.0 = Release|Any CPU
		{C5F023DC-FE5C-4D21-BF1C-E422A3BA60B2}.Debug|Any CPU.ActiveCfg = Debug|Any CPU
		{C5F023DC-FE5C-4D21-BF1C-E422A3BA60B2}.Debug|Any CPU.Build.0 = Debug|Any CPU
		{C5F023DC-FE5C-4D21-BF1C-E422A3BA60B2}.Debug|x64.ActiveCfg = Debug|Any CPU
		{C5F023DC-FE5C-4D21-BF1C-E422A3BA60B2}.Debug|x64.Build.0 = Debug|Any CPU
		{C5F023DC-FE5C-4D21-BF1C-E422A3BA60B2}.Debug|x86.ActiveCfg = Debug|Any CPU
		{C5F023DC-FE5C-4D21-BF1C-E422A3BA60B2}.Debug|x86.Build.0 = Debug|Any CPU
		{C5F023DC-FE5C-4D21-BF1C-E422A3BA60B2}.Release|Any CPU.ActiveCfg = Release|Any CPU
		{C5F023DC-FE5C-4D21-BF1C-E422A3BA60B2}.Release|Any CPU.Build.0 = Release|Any CPU
		{C5F023DC-FE5C-4D21-BF1C-E422A3BA60B2}.Release|x64.ActiveCfg = Release|Any CPU
		{C5F023DC-FE5C-4D21-BF1C-E422A3BA60B2}.Release|x64.Build.0 = Release|Any CPU
		{C5F023DC-FE5C-4D21-BF1C-E422A3BA60B2}.Release|x86.ActiveCfg = Release|Any CPU
		{C5F023DC-FE5C-4D21-BF1C-E422A3BA60B2}.Release|x86.Build.0 = Release|Any CPU
		{7468B389-E724-4E07-A588-B3978AB0E085}.Debug|Any CPU.ActiveCfg = Debug|Any CPU
		{7468B389-E724-4E07-A588-B3978AB0E085}.Debug|Any CPU.Build.0 = Debug|Any CPU
		{7468B389-E724-4E07-A588-B3978AB0E085}.Debug|x64.ActiveCfg = Debug|Any CPU
		{7468B389-E724-4E07-A588-B3978AB0E085}.Debug|x64.Build.0 = Debug|Any CPU
		{7468B389-E724-4E07-A588-B3978AB0E085}.Debug|x86.ActiveCfg = Debug|Any CPU
		{7468B389-E724-4E07-A588-B3978AB0E085}.Debug|x86.Build.0 = Debug|Any CPU
		{7468B389-E724-4E07-A588-B3978AB0E085}.Release|Any CPU.ActiveCfg = Release|Any CPU
		{7468B389-E724-4E07-A588-B3978AB0E085}.Release|Any CPU.Build.0 = Release|Any CPU
		{7468B389-E724-4E07-A588-B3978AB0E085}.Release|x64.ActiveCfg = Release|Any CPU
		{7468B389-E724-4E07-A588-B3978AB0E085}.Release|x64.Build.0 = Release|Any CPU
		{7468B389-E724-4E07-A588-B3978AB0E085}.Release|x86.ActiveCfg = Release|Any CPU
		{7468B389-E724-4E07-A588-B3978AB0E085}.Release|x86.Build.0 = Release|Any CPU
		{577E2894-76A5-4ADC-B3F8-A3C39982B43E}.Debug|Any CPU.ActiveCfg = Debug|Any CPU
		{577E2894-76A5-4ADC-B3F8-A3C39982B43E}.Debug|Any CPU.Build.0 = Debug|Any CPU
		{577E2894-76A5-4ADC-B3F8-A3C39982B43E}.Debug|x64.ActiveCfg = Debug|Any CPU
		{577E2894-76A5-4ADC-B3F8-A3C39982B43E}.Debug|x64.Build.0 = Debug|Any CPU
		{577E2894-76A5-4ADC-B3F8-A3C39982B43E}.Debug|x86.ActiveCfg = Debug|Any CPU
		{577E2894-76A5-4ADC-B3F8-A3C39982B43E}.Debug|x86.Build.0 = Debug|Any CPU
		{577E2894-76A5-4ADC-B3F8-A3C39982B43E}.Release|Any CPU.ActiveCfg = Release|Any CPU
		{577E2894-76A5-4ADC-B3F8-A3C39982B43E}.Release|Any CPU.Build.0 = Release|Any CPU
		{577E2894-76A5-4ADC-B3F8-A3C39982B43E}.Release|x64.ActiveCfg = Release|Any CPU
		{577E2894-76A5-4ADC-B3F8-A3C39982B43E}.Release|x64.Build.0 = Release|Any CPU
		{577E2894-76A5-4ADC-B3F8-A3C39982B43E}.Release|x86.ActiveCfg = Release|Any CPU
		{577E2894-76A5-4ADC-B3F8-A3C39982B43E}.Release|x86.Build.0 = Release|Any CPU
		{C7360E25-D012-406B-9E8D-C31C282628C2}.Debug|Any CPU.ActiveCfg = Debug|Any CPU
		{C7360E25-D012-406B-9E8D-C31C282628C2}.Debug|Any CPU.Build.0 = Debug|Any CPU
		{C7360E25-D012-406B-9E8D-C31C282628C2}.Debug|x64.ActiveCfg = Debug|Any CPU
		{C7360E25-D012-406B-9E8D-C31C282628C2}.Debug|x64.Build.0 = Debug|Any CPU
		{C7360E25-D012-406B-9E8D-C31C282628C2}.Debug|x86.ActiveCfg = Debug|Any CPU
		{C7360E25-D012-406B-9E8D-C31C282628C2}.Debug|x86.Build.0 = Debug|Any CPU
		{C7360E25-D012-406B-9E8D-C31C282628C2}.Release|Any CPU.ActiveCfg = Release|Any CPU
		{C7360E25-D012-406B-9E8D-C31C282628C2}.Release|Any CPU.Build.0 = Release|Any CPU
		{C7360E25-D012-406B-9E8D-C31C282628C2}.Release|x64.ActiveCfg = Release|Any CPU
		{C7360E25-D012-406B-9E8D-C31C282628C2}.Release|x64.Build.0 = Release|Any CPU
		{C7360E25-D012-406B-9E8D-C31C282628C2}.Release|x86.ActiveCfg = Release|Any CPU
		{C7360E25-D012-406B-9E8D-C31C282628C2}.Release|x86.Build.0 = Release|Any CPU
		{2D11EAF7-6509-438F-8BCE-5EC311F69FE9}.Debug|Any CPU.ActiveCfg = Debug|Any CPU
		{2D11EAF7-6509-438F-8BCE-5EC311F69FE9}.Debug|Any CPU.Build.0 = Debug|Any CPU
		{2D11EAF7-6509-438F-8BCE-5EC311F69FE9}.Debug|x64.ActiveCfg = Debug|Any CPU
		{2D11EAF7-6509-438F-8BCE-5EC311F69FE9}.Debug|x64.Build.0 = Debug|Any CPU
		{2D11EAF7-6509-438F-8BCE-5EC311F69FE9}.Debug|x86.ActiveCfg = Debug|Any CPU
		{2D11EAF7-6509-438F-8BCE-5EC311F69FE9}.Debug|x86.Build.0 = Debug|Any CPU
		{2D11EAF7-6509-438F-8BCE-5EC311F69FE9}.Release|Any CPU.ActiveCfg = Release|Any CPU
		{2D11EAF7-6509-438F-8BCE-5EC311F69FE9}.Release|Any CPU.Build.0 = Release|Any CPU
		{2D11EAF7-6509-438F-8BCE-5EC311F69FE9}.Release|x64.ActiveCfg = Release|Any CPU
		{2D11EAF7-6509-438F-8BCE-5EC311F69FE9}.Release|x64.Build.0 = Release|Any CPU
		{2D11EAF7-6509-438F-8BCE-5EC311F69FE9}.Release|x86.ActiveCfg = Release|Any CPU
		{2D11EAF7-6509-438F-8BCE-5EC311F69FE9}.Release|x86.Build.0 = Release|Any CPU
		{37A7B51C-EA53-460F-913A-EF5941A12812}.Debug|Any CPU.ActiveCfg = Debug|Any CPU
		{37A7B51C-EA53-460F-913A-EF5941A12812}.Debug|Any CPU.Build.0 = Debug|Any CPU
		{37A7B51C-EA53-460F-913A-EF5941A12812}.Debug|x64.ActiveCfg = Debug|Any CPU
		{37A7B51C-EA53-460F-913A-EF5941A12812}.Debug|x64.Build.0 = Debug|Any CPU
		{37A7B51C-EA53-460F-913A-EF5941A12812}.Debug|x86.ActiveCfg = Debug|Any CPU
		{37A7B51C-EA53-460F-913A-EF5941A12812}.Debug|x86.Build.0 = Debug|Any CPU
		{37A7B51C-EA53-460F-913A-EF5941A12812}.Release|Any CPU.ActiveCfg = Release|Any CPU
		{37A7B51C-EA53-460F-913A-EF5941A12812}.Release|Any CPU.Build.0 = Release|Any CPU
		{37A7B51C-EA53-460F-913A-EF5941A12812}.Release|x64.ActiveCfg = Release|Any CPU
		{37A7B51C-EA53-460F-913A-EF5941A12812}.Release|x64.Build.0 = Release|Any CPU
		{37A7B51C-EA53-460F-913A-EF5941A12812}.Release|x86.ActiveCfg = Release|Any CPU
		{37A7B51C-EA53-460F-913A-EF5941A12812}.Release|x86.Build.0 = Release|Any CPU
		{575AAC7A-78D6-4A5D-B53A-3C4F1CFF9B4A}.Debug|Any CPU.ActiveCfg = Debug|Any CPU
		{575AAC7A-78D6-4A5D-B53A-3C4F1CFF9B4A}.Debug|Any CPU.Build.0 = Debug|Any CPU
		{575AAC7A-78D6-4A5D-B53A-3C4F1CFF9B4A}.Debug|x64.ActiveCfg = Debug|Any CPU
		{575AAC7A-78D6-4A5D-B53A-3C4F1CFF9B4A}.Debug|x64.Build.0 = Debug|Any CPU
		{575AAC7A-78D6-4A5D-B53A-3C4F1CFF9B4A}.Debug|x86.ActiveCfg = Debug|Any CPU
		{575AAC7A-78D6-4A5D-B53A-3C4F1CFF9B4A}.Debug|x86.Build.0 = Debug|Any CPU
		{575AAC7A-78D6-4A5D-B53A-3C4F1CFF9B4A}.Release|Any CPU.ActiveCfg = Release|Any CPU
		{575AAC7A-78D6-4A5D-B53A-3C4F1CFF9B4A}.Release|Any CPU.Build.0 = Release|Any CPU
		{575AAC7A-78D6-4A5D-B53A-3C4F1CFF9B4A}.Release|x64.ActiveCfg = Release|Any CPU
		{575AAC7A-78D6-4A5D-B53A-3C4F1CFF9B4A}.Release|x64.Build.0 = Release|Any CPU
		{575AAC7A-78D6-4A5D-B53A-3C4F1CFF9B4A}.Release|x86.ActiveCfg = Release|Any CPU
		{575AAC7A-78D6-4A5D-B53A-3C4F1CFF9B4A}.Release|x86.Build.0 = Release|Any CPU
		{1794A004-24C3-487F-95DF-71DAA39F641F}.Debug|Any CPU.ActiveCfg = Debug|Any CPU
		{1794A004-24C3-487F-95DF-71DAA39F641F}.Debug|Any CPU.Build.0 = Debug|Any CPU
		{1794A004-24C3-487F-95DF-71DAA39F641F}.Debug|x64.ActiveCfg = Debug|Any CPU
		{1794A004-24C3-487F-95DF-71DAA39F641F}.Debug|x64.Build.0 = Debug|Any CPU
		{1794A004-24C3-487F-95DF-71DAA39F641F}.Debug|x86.ActiveCfg = Debug|Any CPU
		{1794A004-24C3-487F-95DF-71DAA39F641F}.Debug|x86.Build.0 = Debug|Any CPU
		{1794A004-24C3-487F-95DF-71DAA39F641F}.Release|Any CPU.ActiveCfg = Release|Any CPU
		{1794A004-24C3-487F-95DF-71DAA39F641F}.Release|Any CPU.Build.0 = Release|Any CPU
		{1794A004-24C3-487F-95DF-71DAA39F641F}.Release|x64.ActiveCfg = Release|Any CPU
		{1794A004-24C3-487F-95DF-71DAA39F641F}.Release|x64.Build.0 = Release|Any CPU
		{1794A004-24C3-487F-95DF-71DAA39F641F}.Release|x86.ActiveCfg = Release|Any CPU
		{1794A004-24C3-487F-95DF-71DAA39F641F}.Release|x86.Build.0 = Release|Any CPU
		{70A79F7A-6BDC-49F0-948E-465A247121E6}.Debug|Any CPU.ActiveCfg = Debug|Any CPU
		{70A79F7A-6BDC-49F0-948E-465A247121E6}.Debug|Any CPU.Build.0 = Debug|Any CPU
		{70A79F7A-6BDC-49F0-948E-465A247121E6}.Debug|x64.ActiveCfg = Debug|Any CPU
		{70A79F7A-6BDC-49F0-948E-465A247121E6}.Debug|x64.Build.0 = Debug|Any CPU
		{70A79F7A-6BDC-49F0-948E-465A247121E6}.Debug|x86.ActiveCfg = Debug|Any CPU
		{70A79F7A-6BDC-49F0-948E-465A247121E6}.Debug|x86.Build.0 = Debug|Any CPU
		{70A79F7A-6BDC-49F0-948E-465A247121E6}.Release|Any CPU.ActiveCfg = Release|Any CPU
		{70A79F7A-6BDC-49F0-948E-465A247121E6}.Release|Any CPU.Build.0 = Release|Any CPU
		{70A79F7A-6BDC-49F0-948E-465A247121E6}.Release|x64.ActiveCfg = Release|Any CPU
		{70A79F7A-6BDC-49F0-948E-465A247121E6}.Release|x64.Build.0 = Release|Any CPU
		{70A79F7A-6BDC-49F0-948E-465A247121E6}.Release|x86.ActiveCfg = Release|Any CPU
		{70A79F7A-6BDC-49F0-948E-465A247121E6}.Release|x86.Build.0 = Release|Any CPU
		{5D7B4E1D-EA33-4521-9425-6D8559453EF9}.Debug|Any CPU.ActiveCfg = Debug|Any CPU
		{5D7B4E1D-EA33-4521-9425-6D8559453EF9}.Debug|Any CPU.Build.0 = Debug|Any CPU
		{5D7B4E1D-EA33-4521-9425-6D8559453EF9}.Debug|x64.ActiveCfg = Debug|Any CPU
		{5D7B4E1D-EA33-4521-9425-6D8559453EF9}.Debug|x64.Build.0 = Debug|Any CPU
		{5D7B4E1D-EA33-4521-9425-6D8559453EF9}.Debug|x86.ActiveCfg = Debug|Any CPU
		{5D7B4E1D-EA33-4521-9425-6D8559453EF9}.Debug|x86.Build.0 = Debug|Any CPU
		{5D7B4E1D-EA33-4521-9425-6D8559453EF9}.Release|Any CPU.ActiveCfg = Release|Any CPU
		{5D7B4E1D-EA33-4521-9425-6D8559453EF9}.Release|Any CPU.Build.0 = Release|Any CPU
		{5D7B4E1D-EA33-4521-9425-6D8559453EF9}.Release|x64.ActiveCfg = Release|Any CPU
		{5D7B4E1D-EA33-4521-9425-6D8559453EF9}.Release|x64.Build.0 = Release|Any CPU
		{5D7B4E1D-EA33-4521-9425-6D8559453EF9}.Release|x86.ActiveCfg = Release|Any CPU
		{5D7B4E1D-EA33-4521-9425-6D8559453EF9}.Release|x86.Build.0 = Release|Any CPU
		{9CF5DEC3-C75C-468D-8796-2AD4EA41AA68}.Debug|Any CPU.ActiveCfg = Debug|Any CPU
		{9CF5DEC3-C75C-468D-8796-2AD4EA41AA68}.Debug|Any CPU.Build.0 = Debug|Any CPU
		{9CF5DEC3-C75C-468D-8796-2AD4EA41AA68}.Debug|x64.ActiveCfg = Debug|Any CPU
		{9CF5DEC3-C75C-468D-8796-2AD4EA41AA68}.Debug|x64.Build.0 = Debug|Any CPU
		{9CF5DEC3-C75C-468D-8796-2AD4EA41AA68}.Debug|x86.ActiveCfg = Debug|Any CPU
		{9CF5DEC3-C75C-468D-8796-2AD4EA41AA68}.Debug|x86.Build.0 = Debug|Any CPU
		{9CF5DEC3-C75C-468D-8796-2AD4EA41AA68}.Release|Any CPU.ActiveCfg = Release|Any CPU
		{9CF5DEC3-C75C-468D-8796-2AD4EA41AA68}.Release|Any CPU.Build.0 = Release|Any CPU
		{9CF5DEC3-C75C-468D-8796-2AD4EA41AA68}.Release|x64.ActiveCfg = Release|Any CPU
		{9CF5DEC3-C75C-468D-8796-2AD4EA41AA68}.Release|x64.Build.0 = Release|Any CPU
		{9CF5DEC3-C75C-468D-8796-2AD4EA41AA68}.Release|x86.ActiveCfg = Release|Any CPU
		{9CF5DEC3-C75C-468D-8796-2AD4EA41AA68}.Release|x86.Build.0 = Release|Any CPU
		{5990B6DB-5B76-4446-8A1D-4A94B62550E9}.Debug|Any CPU.ActiveCfg = Debug|Any CPU
		{5990B6DB-5B76-4446-8A1D-4A94B62550E9}.Debug|Any CPU.Build.0 = Debug|Any CPU
		{5990B6DB-5B76-4446-8A1D-4A94B62550E9}.Debug|x64.ActiveCfg = Debug|Any CPU
		{5990B6DB-5B76-4446-8A1D-4A94B62550E9}.Debug|x64.Build.0 = Debug|Any CPU
		{5990B6DB-5B76-4446-8A1D-4A94B62550E9}.Debug|x86.ActiveCfg = Debug|Any CPU
		{5990B6DB-5B76-4446-8A1D-4A94B62550E9}.Debug|x86.Build.0 = Debug|Any CPU
		{5990B6DB-5B76-4446-8A1D-4A94B62550E9}.Release|Any CPU.ActiveCfg = Release|Any CPU
		{5990B6DB-5B76-4446-8A1D-4A94B62550E9}.Release|Any CPU.Build.0 = Release|Any CPU
		{5990B6DB-5B76-4446-8A1D-4A94B62550E9}.Release|x64.ActiveCfg = Release|Any CPU
		{5990B6DB-5B76-4446-8A1D-4A94B62550E9}.Release|x64.Build.0 = Release|Any CPU
		{5990B6DB-5B76-4446-8A1D-4A94B62550E9}.Release|x86.ActiveCfg = Release|Any CPU
		{5990B6DB-5B76-4446-8A1D-4A94B62550E9}.Release|x86.Build.0 = Release|Any CPU
		{BE370F8B-2F35-4EF0-B69F-F25480669891}.Debug|Any CPU.ActiveCfg = Debug|Any CPU
		{BE370F8B-2F35-4EF0-B69F-F25480669891}.Debug|Any CPU.Build.0 = Debug|Any CPU
		{BE370F8B-2F35-4EF0-B69F-F25480669891}.Debug|x64.ActiveCfg = Debug|Any CPU
		{BE370F8B-2F35-4EF0-B69F-F25480669891}.Debug|x64.Build.0 = Debug|Any CPU
		{BE370F8B-2F35-4EF0-B69F-F25480669891}.Debug|x86.ActiveCfg = Debug|Any CPU
		{BE370F8B-2F35-4EF0-B69F-F25480669891}.Debug|x86.Build.0 = Debug|Any CPU
		{BE370F8B-2F35-4EF0-B69F-F25480669891}.Release|Any CPU.ActiveCfg = Release|Any CPU
		{BE370F8B-2F35-4EF0-B69F-F25480669891}.Release|Any CPU.Build.0 = Release|Any CPU
		{BE370F8B-2F35-4EF0-B69F-F25480669891}.Release|x64.ActiveCfg = Release|Any CPU
		{BE370F8B-2F35-4EF0-B69F-F25480669891}.Release|x64.Build.0 = Release|Any CPU
		{BE370F8B-2F35-4EF0-B69F-F25480669891}.Release|x86.ActiveCfg = Release|Any CPU
		{BE370F8B-2F35-4EF0-B69F-F25480669891}.Release|x86.Build.0 = Release|Any CPU
		{1B4BBE1D-587E-48B9-B660-95E8256E7C1C}.Debug|Any CPU.ActiveCfg = Debug|Any CPU
		{1B4BBE1D-587E-48B9-B660-95E8256E7C1C}.Debug|Any CPU.Build.0 = Debug|Any CPU
		{1B4BBE1D-587E-48B9-B660-95E8256E7C1C}.Debug|x64.ActiveCfg = Debug|Any CPU
		{1B4BBE1D-587E-48B9-B660-95E8256E7C1C}.Debug|x64.Build.0 = Debug|Any CPU
		{1B4BBE1D-587E-48B9-B660-95E8256E7C1C}.Debug|x86.ActiveCfg = Debug|Any CPU
		{1B4BBE1D-587E-48B9-B660-95E8256E7C1C}.Debug|x86.Build.0 = Debug|Any CPU
		{1B4BBE1D-587E-48B9-B660-95E8256E7C1C}.Release|Any CPU.ActiveCfg = Release|Any CPU
		{1B4BBE1D-587E-48B9-B660-95E8256E7C1C}.Release|Any CPU.Build.0 = Release|Any CPU
		{1B4BBE1D-587E-48B9-B660-95E8256E7C1C}.Release|x64.ActiveCfg = Release|Any CPU
		{1B4BBE1D-587E-48B9-B660-95E8256E7C1C}.Release|x64.Build.0 = Release|Any CPU
		{1B4BBE1D-587E-48B9-B660-95E8256E7C1C}.Release|x86.ActiveCfg = Release|Any CPU
		{1B4BBE1D-587E-48B9-B660-95E8256E7C1C}.Release|x86.Build.0 = Release|Any CPU
		{17157B6D-111C-49B6-A8BF-4E120F6D336C}.Debug|Any CPU.ActiveCfg = Debug|Any CPU
		{17157B6D-111C-49B6-A8BF-4E120F6D336C}.Debug|Any CPU.Build.0 = Debug|Any CPU
		{17157B6D-111C-49B6-A8BF-4E120F6D336C}.Debug|x64.ActiveCfg = Debug|Any CPU
		{17157B6D-111C-49B6-A8BF-4E120F6D336C}.Debug|x64.Build.0 = Debug|Any CPU
		{17157B6D-111C-49B6-A8BF-4E120F6D336C}.Debug|x86.ActiveCfg = Debug|Any CPU
		{17157B6D-111C-49B6-A8BF-4E120F6D336C}.Debug|x86.Build.0 = Debug|Any CPU
		{17157B6D-111C-49B6-A8BF-4E120F6D336C}.Release|Any CPU.ActiveCfg = Release|Any CPU
		{17157B6D-111C-49B6-A8BF-4E120F6D336C}.Release|Any CPU.Build.0 = Release|Any CPU
		{17157B6D-111C-49B6-A8BF-4E120F6D336C}.Release|x64.ActiveCfg = Release|Any CPU
		{17157B6D-111C-49B6-A8BF-4E120F6D336C}.Release|x64.Build.0 = Release|Any CPU
		{17157B6D-111C-49B6-A8BF-4E120F6D336C}.Release|x86.ActiveCfg = Release|Any CPU
		{17157B6D-111C-49B6-A8BF-4E120F6D336C}.Release|x86.Build.0 = Release|Any CPU
		{FC5E1670-6752-415D-9087-2D8FFAD56D53}.Debug|Any CPU.ActiveCfg = Debug|Any CPU
		{FC5E1670-6752-415D-9087-2D8FFAD56D53}.Debug|Any CPU.Build.0 = Debug|Any CPU
		{FC5E1670-6752-415D-9087-2D8FFAD56D53}.Debug|x64.ActiveCfg = Debug|Any CPU
		{FC5E1670-6752-415D-9087-2D8FFAD56D53}.Debug|x64.Build.0 = Debug|Any CPU
		{FC5E1670-6752-415D-9087-2D8FFAD56D53}.Debug|x86.ActiveCfg = Debug|Any CPU
		{FC5E1670-6752-415D-9087-2D8FFAD56D53}.Debug|x86.Build.0 = Debug|Any CPU
		{FC5E1670-6752-415D-9087-2D8FFAD56D53}.Release|Any CPU.ActiveCfg = Release|Any CPU
		{FC5E1670-6752-415D-9087-2D8FFAD56D53}.Release|Any CPU.Build.0 = Release|Any CPU
		{FC5E1670-6752-415D-9087-2D8FFAD56D53}.Release|x64.ActiveCfg = Release|Any CPU
		{FC5E1670-6752-415D-9087-2D8FFAD56D53}.Release|x64.Build.0 = Release|Any CPU
		{FC5E1670-6752-415D-9087-2D8FFAD56D53}.Release|x86.ActiveCfg = Release|Any CPU
		{FC5E1670-6752-415D-9087-2D8FFAD56D53}.Release|x86.Build.0 = Release|Any CPU
		{6A988817-2683-44B0-9920-C97B267CA1CC}.Debug|Any CPU.ActiveCfg = Debug|Any CPU
		{6A988817-2683-44B0-9920-C97B267CA1CC}.Debug|Any CPU.Build.0 = Debug|Any CPU
		{6A988817-2683-44B0-9920-C97B267CA1CC}.Debug|x64.ActiveCfg = Debug|Any CPU
		{6A988817-2683-44B0-9920-C97B267CA1CC}.Debug|x64.Build.0 = Debug|Any CPU
		{6A988817-2683-44B0-9920-C97B267CA1CC}.Debug|x86.ActiveCfg = Debug|Any CPU
		{6A988817-2683-44B0-9920-C97B267CA1CC}.Debug|x86.Build.0 = Debug|Any CPU
		{6A988817-2683-44B0-9920-C97B267CA1CC}.Release|Any CPU.ActiveCfg = Release|Any CPU
		{6A988817-2683-44B0-9920-C97B267CA1CC}.Release|Any CPU.Build.0 = Release|Any CPU
		{6A988817-2683-44B0-9920-C97B267CA1CC}.Release|x64.ActiveCfg = Release|Any CPU
		{6A988817-2683-44B0-9920-C97B267CA1CC}.Release|x64.Build.0 = Release|Any CPU
		{6A988817-2683-44B0-9920-C97B267CA1CC}.Release|x86.ActiveCfg = Release|Any CPU
		{6A988817-2683-44B0-9920-C97B267CA1CC}.Release|x86.Build.0 = Release|Any CPU
		{6209900A-6B59-4E53-B759-244E52B1E41C}.Debug|Any CPU.ActiveCfg = Debug|Any CPU
		{6209900A-6B59-4E53-B759-244E52B1E41C}.Debug|Any CPU.Build.0 = Debug|Any CPU
		{6209900A-6B59-4E53-B759-244E52B1E41C}.Debug|x64.ActiveCfg = Debug|Any CPU
		{6209900A-6B59-4E53-B759-244E52B1E41C}.Debug|x64.Build.0 = Debug|Any CPU
		{6209900A-6B59-4E53-B759-244E52B1E41C}.Debug|x86.ActiveCfg = Debug|Any CPU
		{6209900A-6B59-4E53-B759-244E52B1E41C}.Debug|x86.Build.0 = Debug|Any CPU
		{6209900A-6B59-4E53-B759-244E52B1E41C}.Release|Any CPU.ActiveCfg = Release|Any CPU
		{6209900A-6B59-4E53-B759-244E52B1E41C}.Release|Any CPU.Build.0 = Release|Any CPU
		{6209900A-6B59-4E53-B759-244E52B1E41C}.Release|x64.ActiveCfg = Release|Any CPU
		{6209900A-6B59-4E53-B759-244E52B1E41C}.Release|x64.Build.0 = Release|Any CPU
		{6209900A-6B59-4E53-B759-244E52B1E41C}.Release|x86.ActiveCfg = Release|Any CPU
		{6209900A-6B59-4E53-B759-244E52B1E41C}.Release|x86.Build.0 = Release|Any CPU
		{307578F5-0A97-479F-9339-142337B257A7}.Debug|Any CPU.ActiveCfg = Debug|Any CPU
		{307578F5-0A97-479F-9339-142337B257A7}.Debug|Any CPU.Build.0 = Debug|Any CPU
		{307578F5-0A97-479F-9339-142337B257A7}.Debug|x64.ActiveCfg = Debug|Any CPU
		{307578F5-0A97-479F-9339-142337B257A7}.Debug|x64.Build.0 = Debug|Any CPU
		{307578F5-0A97-479F-9339-142337B257A7}.Debug|x86.ActiveCfg = Debug|Any CPU
		{307578F5-0A97-479F-9339-142337B257A7}.Debug|x86.Build.0 = Debug|Any CPU
		{307578F5-0A97-479F-9339-142337B257A7}.Release|Any CPU.ActiveCfg = Release|Any CPU
		{307578F5-0A97-479F-9339-142337B257A7}.Release|Any CPU.Build.0 = Release|Any CPU
		{307578F5-0A97-479F-9339-142337B257A7}.Release|x64.ActiveCfg = Release|Any CPU
		{307578F5-0A97-479F-9339-142337B257A7}.Release|x64.Build.0 = Release|Any CPU
		{307578F5-0A97-479F-9339-142337B257A7}.Release|x86.ActiveCfg = Release|Any CPU
		{307578F5-0A97-479F-9339-142337B257A7}.Release|x86.Build.0 = Release|Any CPU
		{24E547E4-B219-4D70-B39E-3DA2E60F3961}.Debug|Any CPU.ActiveCfg = Debug|Any CPU
		{24E547E4-B219-4D70-B39E-3DA2E60F3961}.Debug|Any CPU.Build.0 = Debug|Any CPU
		{24E547E4-B219-4D70-B39E-3DA2E60F3961}.Debug|x64.ActiveCfg = Debug|Any CPU
		{24E547E4-B219-4D70-B39E-3DA2E60F3961}.Debug|x64.Build.0 = Debug|Any CPU
		{24E547E4-B219-4D70-B39E-3DA2E60F3961}.Debug|x86.ActiveCfg = Debug|Any CPU
		{24E547E4-B219-4D70-B39E-3DA2E60F3961}.Debug|x86.Build.0 = Debug|Any CPU
		{24E547E4-B219-4D70-B39E-3DA2E60F3961}.Release|Any CPU.ActiveCfg = Release|Any CPU
		{24E547E4-B219-4D70-B39E-3DA2E60F3961}.Release|Any CPU.Build.0 = Release|Any CPU
		{24E547E4-B219-4D70-B39E-3DA2E60F3961}.Release|x64.ActiveCfg = Release|Any CPU
		{24E547E4-B219-4D70-B39E-3DA2E60F3961}.Release|x64.Build.0 = Release|Any CPU
		{24E547E4-B219-4D70-B39E-3DA2E60F3961}.Release|x86.ActiveCfg = Release|Any CPU
		{24E547E4-B219-4D70-B39E-3DA2E60F3961}.Release|x86.Build.0 = Release|Any CPU
		{7D26EF95-FBB2-4E7A-B931-B89418188941}.Debug|Any CPU.ActiveCfg = Debug|Any CPU
		{7D26EF95-FBB2-4E7A-B931-B89418188941}.Debug|Any CPU.Build.0 = Debug|Any CPU
		{7D26EF95-FBB2-4E7A-B931-B89418188941}.Debug|x64.ActiveCfg = Debug|Any CPU
		{7D26EF95-FBB2-4E7A-B931-B89418188941}.Debug|x64.Build.0 = Debug|Any CPU
		{7D26EF95-FBB2-4E7A-B931-B89418188941}.Debug|x86.ActiveCfg = Debug|Any CPU
		{7D26EF95-FBB2-4E7A-B931-B89418188941}.Debug|x86.Build.0 = Debug|Any CPU
		{7D26EF95-FBB2-4E7A-B931-B89418188941}.Release|Any CPU.ActiveCfg = Release|Any CPU
		{7D26EF95-FBB2-4E7A-B931-B89418188941}.Release|Any CPU.Build.0 = Release|Any CPU
		{7D26EF95-FBB2-4E7A-B931-B89418188941}.Release|x64.ActiveCfg = Release|Any CPU
		{7D26EF95-FBB2-4E7A-B931-B89418188941}.Release|x64.Build.0 = Release|Any CPU
		{7D26EF95-FBB2-4E7A-B931-B89418188941}.Release|x86.ActiveCfg = Release|Any CPU
		{7D26EF95-FBB2-4E7A-B931-B89418188941}.Release|x86.Build.0 = Release|Any CPU
		{2D872F0E-1280-4251-BFF3-1B7ABCC5A3B9}.Debug|Any CPU.ActiveCfg = Debug|Any CPU
		{2D872F0E-1280-4251-BFF3-1B7ABCC5A3B9}.Debug|Any CPU.Build.0 = Debug|Any CPU
		{2D872F0E-1280-4251-BFF3-1B7ABCC5A3B9}.Debug|x64.ActiveCfg = Debug|Any CPU
		{2D872F0E-1280-4251-BFF3-1B7ABCC5A3B9}.Debug|x64.Build.0 = Debug|Any CPU
		{2D872F0E-1280-4251-BFF3-1B7ABCC5A3B9}.Debug|x86.ActiveCfg = Debug|Any CPU
		{2D872F0E-1280-4251-BFF3-1B7ABCC5A3B9}.Debug|x86.Build.0 = Debug|Any CPU
		{2D872F0E-1280-4251-BFF3-1B7ABCC5A3B9}.Release|Any CPU.ActiveCfg = Release|Any CPU
		{2D872F0E-1280-4251-BFF3-1B7ABCC5A3B9}.Release|Any CPU.Build.0 = Release|Any CPU
		{2D872F0E-1280-4251-BFF3-1B7ABCC5A3B9}.Release|x64.ActiveCfg = Release|Any CPU
		{2D872F0E-1280-4251-BFF3-1B7ABCC5A3B9}.Release|x64.Build.0 = Release|Any CPU
		{2D872F0E-1280-4251-BFF3-1B7ABCC5A3B9}.Release|x86.ActiveCfg = Release|Any CPU
		{2D872F0E-1280-4251-BFF3-1B7ABCC5A3B9}.Release|x86.Build.0 = Release|Any CPU
		{F227C21C-BCD0-4767-A086-60C0878680AA}.Debug|Any CPU.ActiveCfg = Debug|Any CPU
		{F227C21C-BCD0-4767-A086-60C0878680AA}.Debug|Any CPU.Build.0 = Debug|Any CPU
		{F227C21C-BCD0-4767-A086-60C0878680AA}.Debug|x64.ActiveCfg = Debug|Any CPU
		{F227C21C-BCD0-4767-A086-60C0878680AA}.Debug|x64.Build.0 = Debug|Any CPU
		{F227C21C-BCD0-4767-A086-60C0878680AA}.Debug|x86.ActiveCfg = Debug|Any CPU
		{F227C21C-BCD0-4767-A086-60C0878680AA}.Debug|x86.Build.0 = Debug|Any CPU
		{F227C21C-BCD0-4767-A086-60C0878680AA}.Release|Any CPU.ActiveCfg = Release|Any CPU
		{F227C21C-BCD0-4767-A086-60C0878680AA}.Release|Any CPU.Build.0 = Release|Any CPU
		{F227C21C-BCD0-4767-A086-60C0878680AA}.Release|x64.ActiveCfg = Release|Any CPU
		{F227C21C-BCD0-4767-A086-60C0878680AA}.Release|x64.Build.0 = Release|Any CPU
		{F227C21C-BCD0-4767-A086-60C0878680AA}.Release|x86.ActiveCfg = Release|Any CPU
		{F227C21C-BCD0-4767-A086-60C0878680AA}.Release|x86.Build.0 = Release|Any CPU
		{FC6218A4-09CD-4FA8-90FE-AC0D6E87B496}.Debug|Any CPU.ActiveCfg = Debug|Any CPU
		{FC6218A4-09CD-4FA8-90FE-AC0D6E87B496}.Debug|Any CPU.Build.0 = Debug|Any CPU
		{FC6218A4-09CD-4FA8-90FE-AC0D6E87B496}.Debug|x64.ActiveCfg = Debug|Any CPU
		{FC6218A4-09CD-4FA8-90FE-AC0D6E87B496}.Debug|x64.Build.0 = Debug|Any CPU
		{FC6218A4-09CD-4FA8-90FE-AC0D6E87B496}.Debug|x86.ActiveCfg = Debug|Any CPU
		{FC6218A4-09CD-4FA8-90FE-AC0D6E87B496}.Debug|x86.Build.0 = Debug|Any CPU
		{FC6218A4-09CD-4FA8-90FE-AC0D6E87B496}.Release|Any CPU.ActiveCfg = Release|Any CPU
		{FC6218A4-09CD-4FA8-90FE-AC0D6E87B496}.Release|Any CPU.Build.0 = Release|Any CPU
		{FC6218A4-09CD-4FA8-90FE-AC0D6E87B496}.Release|x64.ActiveCfg = Release|Any CPU
		{FC6218A4-09CD-4FA8-90FE-AC0D6E87B496}.Release|x64.Build.0 = Release|Any CPU
		{FC6218A4-09CD-4FA8-90FE-AC0D6E87B496}.Release|x86.ActiveCfg = Release|Any CPU
		{FC6218A4-09CD-4FA8-90FE-AC0D6E87B496}.Release|x86.Build.0 = Release|Any CPU
		{72D64214-99B4-47BB-9F33-7AAC3B92ABFB}.Debug|Any CPU.ActiveCfg = Debug|Any CPU
		{72D64214-99B4-47BB-9F33-7AAC3B92ABFB}.Debug|Any CPU.Build.0 = Debug|Any CPU
		{72D64214-99B4-47BB-9F33-7AAC3B92ABFB}.Debug|x64.ActiveCfg = Debug|Any CPU
		{72D64214-99B4-47BB-9F33-7AAC3B92ABFB}.Debug|x64.Build.0 = Debug|Any CPU
		{72D64214-99B4-47BB-9F33-7AAC3B92ABFB}.Debug|x86.ActiveCfg = Debug|Any CPU
		{72D64214-99B4-47BB-9F33-7AAC3B92ABFB}.Debug|x86.Build.0 = Debug|Any CPU
		{72D64214-99B4-47BB-9F33-7AAC3B92ABFB}.Release|Any CPU.ActiveCfg = Release|Any CPU
		{72D64214-99B4-47BB-9F33-7AAC3B92ABFB}.Release|Any CPU.Build.0 = Release|Any CPU
		{72D64214-99B4-47BB-9F33-7AAC3B92ABFB}.Release|x64.ActiveCfg = Release|Any CPU
		{72D64214-99B4-47BB-9F33-7AAC3B92ABFB}.Release|x64.Build.0 = Release|Any CPU
		{72D64214-99B4-47BB-9F33-7AAC3B92ABFB}.Release|x86.ActiveCfg = Release|Any CPU
		{72D64214-99B4-47BB-9F33-7AAC3B92ABFB}.Release|x86.Build.0 = Release|Any CPU
		{8260C9D7-FB7E-464F-B60D-5E9C4FD9E557}.Debug|Any CPU.ActiveCfg = Debug|Any CPU
		{8260C9D7-FB7E-464F-B60D-5E9C4FD9E557}.Debug|Any CPU.Build.0 = Debug|Any CPU
		{8260C9D7-FB7E-464F-B60D-5E9C4FD9E557}.Debug|x64.ActiveCfg = Debug|Any CPU
		{8260C9D7-FB7E-464F-B60D-5E9C4FD9E557}.Debug|x64.Build.0 = Debug|Any CPU
		{8260C9D7-FB7E-464F-B60D-5E9C4FD9E557}.Debug|x86.ActiveCfg = Debug|Any CPU
		{8260C9D7-FB7E-464F-B60D-5E9C4FD9E557}.Debug|x86.Build.0 = Debug|Any CPU
		{8260C9D7-FB7E-464F-B60D-5E9C4FD9E557}.Release|Any CPU.ActiveCfg = Release|Any CPU
		{8260C9D7-FB7E-464F-B60D-5E9C4FD9E557}.Release|Any CPU.Build.0 = Release|Any CPU
		{8260C9D7-FB7E-464F-B60D-5E9C4FD9E557}.Release|x64.ActiveCfg = Release|Any CPU
		{8260C9D7-FB7E-464F-B60D-5E9C4FD9E557}.Release|x64.Build.0 = Release|Any CPU
		{8260C9D7-FB7E-464F-B60D-5E9C4FD9E557}.Release|x86.ActiveCfg = Release|Any CPU
		{8260C9D7-FB7E-464F-B60D-5E9C4FD9E557}.Release|x86.Build.0 = Release|Any CPU
		{67DA2EC5-CA44-47D9-ADFC-E96E86D0E139}.Debug|Any CPU.ActiveCfg = Debug|Any CPU
		{67DA2EC5-CA44-47D9-ADFC-E96E86D0E139}.Debug|Any CPU.Build.0 = Debug|Any CPU
		{67DA2EC5-CA44-47D9-ADFC-E96E86D0E139}.Debug|x64.ActiveCfg = Debug|Any CPU
		{67DA2EC5-CA44-47D9-ADFC-E96E86D0E139}.Debug|x64.Build.0 = Debug|Any CPU
		{67DA2EC5-CA44-47D9-ADFC-E96E86D0E139}.Debug|x86.ActiveCfg = Debug|Any CPU
		{67DA2EC5-CA44-47D9-ADFC-E96E86D0E139}.Debug|x86.Build.0 = Debug|Any CPU
		{67DA2EC5-CA44-47D9-ADFC-E96E86D0E139}.Release|Any CPU.ActiveCfg = Release|Any CPU
		{67DA2EC5-CA44-47D9-ADFC-E96E86D0E139}.Release|Any CPU.Build.0 = Release|Any CPU
		{67DA2EC5-CA44-47D9-ADFC-E96E86D0E139}.Release|x64.ActiveCfg = Release|Any CPU
		{67DA2EC5-CA44-47D9-ADFC-E96E86D0E139}.Release|x64.Build.0 = Release|Any CPU
		{67DA2EC5-CA44-47D9-ADFC-E96E86D0E139}.Release|x86.ActiveCfg = Release|Any CPU
		{67DA2EC5-CA44-47D9-ADFC-E96E86D0E139}.Release|x86.Build.0 = Release|Any CPU
		{9772CED1-BD11-4E15-82AB-81DC0E0D939F}.Debug|Any CPU.ActiveCfg = Debug|Any CPU
		{9772CED1-BD11-4E15-82AB-81DC0E0D939F}.Debug|Any CPU.Build.0 = Debug|Any CPU
		{9772CED1-BD11-4E15-82AB-81DC0E0D939F}.Debug|x64.ActiveCfg = Debug|Any CPU
		{9772CED1-BD11-4E15-82AB-81DC0E0D939F}.Debug|x64.Build.0 = Debug|Any CPU
		{9772CED1-BD11-4E15-82AB-81DC0E0D939F}.Debug|x86.ActiveCfg = Debug|Any CPU
		{9772CED1-BD11-4E15-82AB-81DC0E0D939F}.Debug|x86.Build.0 = Debug|Any CPU
		{9772CED1-BD11-4E15-82AB-81DC0E0D939F}.Release|Any CPU.ActiveCfg = Release|Any CPU
		{9772CED1-BD11-4E15-82AB-81DC0E0D939F}.Release|Any CPU.Build.0 = Release|Any CPU
		{9772CED1-BD11-4E15-82AB-81DC0E0D939F}.Release|x64.ActiveCfg = Release|Any CPU
		{9772CED1-BD11-4E15-82AB-81DC0E0D939F}.Release|x64.Build.0 = Release|Any CPU
		{9772CED1-BD11-4E15-82AB-81DC0E0D939F}.Release|x86.ActiveCfg = Release|Any CPU
		{9772CED1-BD11-4E15-82AB-81DC0E0D939F}.Release|x86.Build.0 = Release|Any CPU
		{DD7ADD67-06EA-4AB5-9516-3F1F93CB30C1}.Debug|Any CPU.ActiveCfg = Debug|Any CPU
		{DD7ADD67-06EA-4AB5-9516-3F1F93CB30C1}.Debug|Any CPU.Build.0 = Debug|Any CPU
		{DD7ADD67-06EA-4AB5-9516-3F1F93CB30C1}.Debug|x64.ActiveCfg = Debug|Any CPU
		{DD7ADD67-06EA-4AB5-9516-3F1F93CB30C1}.Debug|x64.Build.0 = Debug|Any CPU
		{DD7ADD67-06EA-4AB5-9516-3F1F93CB30C1}.Debug|x86.ActiveCfg = Debug|Any CPU
		{DD7ADD67-06EA-4AB5-9516-3F1F93CB30C1}.Debug|x86.Build.0 = Debug|Any CPU
		{DD7ADD67-06EA-4AB5-9516-3F1F93CB30C1}.Release|Any CPU.ActiveCfg = Release|Any CPU
		{DD7ADD67-06EA-4AB5-9516-3F1F93CB30C1}.Release|Any CPU.Build.0 = Release|Any CPU
		{DD7ADD67-06EA-4AB5-9516-3F1F93CB30C1}.Release|x64.ActiveCfg = Release|Any CPU
		{DD7ADD67-06EA-4AB5-9516-3F1F93CB30C1}.Release|x64.Build.0 = Release|Any CPU
		{DD7ADD67-06EA-4AB5-9516-3F1F93CB30C1}.Release|x86.ActiveCfg = Release|Any CPU
		{DD7ADD67-06EA-4AB5-9516-3F1F93CB30C1}.Release|x86.Build.0 = Release|Any CPU
	EndGlobalSection
	GlobalSection(SolutionProperties) = preSolution
		HideSolutionNode = FALSE
	EndGlobalSection
	GlobalSection(NestedProjects) = preSolution
		{C7F1D2C3-0A0B-4F0A-8E6E-D89C99B1F355} = {8A9D6589-4729-4DBF-830F-DB1CFAE5CCD7}
		{CBBA3DBC-B972-4065-9311-E6ADA157D967} = {8A9D6589-4729-4DBF-830F-DB1CFAE5CCD7}
		{D5B2820C-A773-40D8-B18B-37153A048172} = {8A9D6589-4729-4DBF-830F-DB1CFAE5CCD7}
		{5F5C6210-9EFE-4F53-B3EF-A751C2B935F6} = {A5F1D2C1-0A0B-4F0A-8E6E-D89C99B1F353}
		{DD7ADD67-06EA-4AB5-9516-3F1F93CB30C1} = {A5F1D2C1-0A0B-4F0A-8E6E-D89C99B1F353}
		{286C3AE0-ACCA-455B-819F-9D19E8486035} = {A5F1D2C1-0A0B-4F0A-8E6E-D89C99B1F353}
		{B4C11D64-24C4-442B-9E58-0F01300707C7} = {286C3AE0-ACCA-455B-819F-9D19E8486035}
		{6C8D7378-F2F7-4074-9543-E5856C4680BA} = {B4C11D64-24C4-442B-9E58-0F01300707C7}
		{B759A1E8-168F-4B79-AEB6-E651D9AAEB88} = {B4C11D64-24C4-442B-9E58-0F01300707C7}
		{74CD0B85-6C89-43D2-BCB6-9ED0ADD2AE6E} = {B4C11D64-24C4-442B-9E58-0F01300707C7}
		{19578C6A-F061-4B93-9A86-3FD2F5563C9C} = {286C3AE0-ACCA-455B-819F-9D19E8486035}
		{15C71CD9-1CA1-47F6-ABB8-86C2819E562A} = {19578C6A-F061-4B93-9A86-3FD2F5563C9C}
		{AE1B103A-2A7F-4329-9018-A6B747479479} = {19578C6A-F061-4B93-9A86-3FD2F5563C9C}
		{DDCD60FF-E34D-4A25-A5FB-8338F9460ABC} = {19578C6A-F061-4B93-9A86-3FD2F5563C9C}
		{8A9D6589-4729-4DBF-830F-DB1CFAE5CCD7} = {A5F1D2C1-0A0B-4F0A-8E6E-D89C99B1F353}
		{A1B2C3D4-E5F6-7890-ABCD-EF1234567890} = {19578C6A-F061-4B93-9A86-3FD2F5563C9C}
		{F5CE01F6-3685-422B-9BD5-C98D4AD88E85} = {B4C11D64-24C4-442B-9E58-0F01300707C7}
		{26E05827-52D5-4D08-8876-6F5202E0E17F} = {B4C11D64-24C4-442B-9E58-0F01300707C7}
		{35D1F24F-5421-4A67-AD49-E246DB285795} = {286C3AE0-ACCA-455B-819F-9D19E8486035}
		{3DC9C153-04C2-4E53-A71D-618F52EA877B} = {35D1F24F-5421-4A67-AD49-E246DB285795}
		{EF6F1D8F-2231-461A-A845-2D2F0254A7C8} = {35D1F24F-5421-4A67-AD49-E246DB285795}
		{696BFF02-D4E2-405F-9E95-CBB2B8909EA7} = {35D1F24F-5421-4A67-AD49-E246DB285795}
		{4D11162E-4CD0-46E3-94B2-27C2971B052C} = {35D1F24F-5421-4A67-AD49-E246DB285795}
		{803BA3D6-50D7-49CA-9DA1-1117997315FE} = {35D1F24F-5421-4A67-AD49-E246DB285795}
		{4B92AB30-39D6-4F7D-8EF0-4A6FB2C11EAF} = {19578C6A-F061-4B93-9A86-3FD2F5563C9C}
		{2CC20CA1-B775-4F29-BC93-20CE6C1368E3} = {A5F1D2C1-0A0B-4F0A-8E6E-D89C99B1F353}
		{F21C057A-942F-40F7-910E-849C06C6E4A8} = {2CC20CA1-B775-4F29-BC93-20CE6C1368E3}
		{B0B51FE4-3DCF-4F16-8787-6F950CC89FF9} = {286C3AE0-ACCA-455B-819F-9D19E8486035}
		{1ABF582A-451E-45D4-8BC9-A01F87D65D2B} = {B0B51FE4-3DCF-4F16-8787-6F950CC89FF9}
		{749553A0-166C-44D3-8118-2A2A98469D8E} = {B0B51FE4-3DCF-4F16-8787-6F950CC89FF9}
		{59559AA0-AD27-4787-AB53-4EA1AE9AA58C} = {B0B51FE4-3DCF-4F16-8787-6F950CC89FF9}
		{E5A1D982-AE8F-4E28-A823-54AAD4D6E474} = {B0B51FE4-3DCF-4F16-8787-6F950CC89FF9}
		{C5F023DC-FE5C-4D21-BF1C-E422A3BA60B2} = {B0B51FE4-3DCF-4F16-8787-6F950CC89FF9}
		{A8A1087A-8836-483C-8BC6-9ABB4ED8B2BC} = {286C3AE0-ACCA-455B-819F-9D19E8486035}
		{7468B389-E724-4E07-A588-B3978AB0E085} = {A8A1087A-8836-483C-8BC6-9ABB4ED8B2BC}
		{577E2894-76A5-4ADC-B3F8-A3C39982B43E} = {A8A1087A-8836-483C-8BC6-9ABB4ED8B2BC}
		{C7360E25-D012-406B-9E8D-C31C282628C2} = {A8A1087A-8836-483C-8BC6-9ABB4ED8B2BC}
		{2D11EAF7-6509-438F-8BCE-5EC311F69FE9} = {A8A1087A-8836-483C-8BC6-9ABB4ED8B2BC}
		{37A7B51C-EA53-460F-913A-EF5941A12812} = {A8A1087A-8836-483C-8BC6-9ABB4ED8B2BC}
		{4383E987-FE98-4FEF-8F70-FA8C32433BF1} = {286C3AE0-ACCA-455B-819F-9D19E8486035}
		{575AAC7A-78D6-4A5D-B53A-3C4F1CFF9B4A} = {4383E987-FE98-4FEF-8F70-FA8C32433BF1}
		{1794A004-24C3-487F-95DF-71DAA39F641F} = {4383E987-FE98-4FEF-8F70-FA8C32433BF1}
		{70A79F7A-6BDC-49F0-948E-465A247121E6} = {4383E987-FE98-4FEF-8F70-FA8C32433BF1}
		{5D7B4E1D-EA33-4521-9425-6D8559453EF9} = {4383E987-FE98-4FEF-8F70-FA8C32433BF1}
		{DDA5B53C-4FDE-437B-8B2D-515F64615485} = {286C3AE0-ACCA-455B-819F-9D19E8486035}
		{9CF5DEC3-C75C-468D-8796-2AD4EA41AA68} = {DDA5B53C-4FDE-437B-8B2D-515F64615485}
		{5990B6DB-5B76-4446-8A1D-4A94B62550E9} = {DDA5B53C-4FDE-437B-8B2D-515F64615485}
		{BE370F8B-2F35-4EF0-B69F-F25480669891} = {DDA5B53C-4FDE-437B-8B2D-515F64615485}
		{1B4BBE1D-587E-48B9-B660-95E8256E7C1C} = {DDA5B53C-4FDE-437B-8B2D-515F64615485}
		{17157B6D-111C-49B6-A8BF-4E120F6D336C} = {DDA5B53C-4FDE-437B-8B2D-515F64615485}
		{7733670E-775C-4441-B81A-43E2E25D68E3} = {286C3AE0-ACCA-455B-819F-9D19E8486035}
		{FC5E1670-6752-415D-9087-2D8FFAD56D53} = {7733670E-775C-4441-B81A-43E2E25D68E3}
		{6A988817-2683-44B0-9920-C97B267CA1CC} = {7733670E-775C-4441-B81A-43E2E25D68E3}
		{6209900A-6B59-4E53-B759-244E52B1E41C} = {7733670E-775C-4441-B81A-43E2E25D68E3}
		{307578F5-0A97-479F-9339-142337B257A7} = {7733670E-775C-4441-B81A-43E2E25D68E3}
		{24E547E4-B219-4D70-B39E-3DA2E60F3961} = {7733670E-775C-4441-B81A-43E2E25D68E3}
		{5B017919-1A5E-4C13-81C2-54D3597BD5DD} = {7733670E-775C-4441-B81A-43E2E25D68E3}
		{7D26EF95-FBB2-4E7A-B931-B89418188941} = {5B017919-1A5E-4C13-81C2-54D3597BD5DD}
		{14592135-A5B9-39FA-1627-6FA9B473BD32} = {286C3AE0-ACCA-455B-819F-9D19E8486035}
		{2D872F0E-1280-4251-BFF3-1B7ABCC5A3B9} = {14592135-A5B9-39FA-1627-6FA9B473BD32}
		{F227C21C-BCD0-4767-A086-60C0878680AA} = {14592135-A5B9-39FA-1627-6FA9B473BD32}
		{FC6218A4-09CD-4FA8-90FE-AC0D6E87B496} = {14592135-A5B9-39FA-1627-6FA9B473BD32}
		{72D64214-99B4-47BB-9F33-7AAC3B92ABFB} = {14592135-A5B9-39FA-1627-6FA9B473BD32}
		{8260C9D7-FB7E-464F-B60D-5E9C4FD9E557} = {14592135-A5B9-39FA-1627-6FA9B473BD32}
		{67DA2EC5-CA44-47D9-ADFC-E96E86D0E139} = {A5F1D2C1-0A0B-4F0A-8E6E-D89C99B1F353}
		{9772CED1-BD11-4E15-82AB-81DC0E0D939F} = {19578C6A-F061-4B93-9A86-3FD2F5563C9C}
	EndGlobalSection
	GlobalSection(ExtensibilityGlobals) = postSolution
		SolutionGuid = {E9F1D2C5-0A0B-4F0A-8E6E-D89C99B1F357}
	EndGlobalSection
EndGlobal
